// !$*UTF8*$!
{
	archiveVersion = 1;
	classes = {
	};
	objectVersion = 46;
	objects = {

/* Begin PBXBuildFile section */
		447215C31CF05FA20003D460 /* SettingMessage.m in Sources */ = {isa = PBXBuildFile; fileRef = 447215BB1CF05FA20003D460 /* SettingMessage.m */; };
		447215C41CF05FA20003D460 /* MineHeaderView.m in Sources */ = {isa = PBXBuildFile; fileRef = 447215BE1CF05FA20003D460 /* MineHeaderView.m */; };
		447215C51CF05FA20003D460 /* MineHeaderView.xib in Resources */ = {isa = PBXBuildFile; fileRef = 447215BF1CF05FA20003D460 /* MineHeaderView.xib */; };
		447215C61CF05FA20003D460 /* QFXMineTableViewCell.m in Sources */ = {isa = PBXBuildFile; fileRef = 447215C11CF05FA20003D460 /* QFXMineTableViewCell.m */; };
		447215C71CF05FA20003D460 /* QFXMineTableViewCell.xib in Resources */ = {isa = PBXBuildFile; fileRef = 447215C21CF05FA20003D460 /* QFXMineTableViewCell.xib */; };
		447215C91CF0607C0003D460 /* settingMessage.plist in Resources */ = {isa = PBXBuildFile; fileRef = 447215C81CF0607C0003D460 /* settingMessage.plist */; };
		448756051CEB48EF000BE61D /* QFXStatusCacheTool.m in Sources */ = {isa = PBXBuildFile; fileRef = 448756041CEB48EF000BE61D /* QFXStatusCacheTool.m */; };
		44B92EFE1CF89CF300869201 /* QFXVideoTableViewCell.m in Sources */ = {isa = PBXBuildFile; fileRef = 44B92EFC1CF89CF300869201 /* QFXVideoTableViewCell.m */; settings = {ASSET_TAGS = (); }; };
		44B92EFF1CF89CF300869201 /* QFXVideoTableViewCell.xib in Resources */ = {isa = PBXBuildFile; fileRef = 44B92EFD1CF89CF300869201 /* QFXVideoTableViewCell.xib */; settings = {ASSET_TAGS = (); }; };
		44B92F0A1CF89D1600869201 /* QFXVideoCategory.m in Sources */ = {isa = PBXBuildFile; fileRef = 44B92F011CF89D1600869201 /* QFXVideoCategory.m */; settings = {ASSET_TAGS = (); }; };
		44B92F0B1CF89D1600869201 /* QFXVideoGroupModel.m in Sources */ = {isa = PBXBuildFile; fileRef = 44B92F031CF89D1600869201 /* QFXVideoGroupModel.m */; settings = {ASSET_TAGS = (); }; };
		44B92F0C1CF89D1600869201 /* QFXVideoMeowsModel.m in Sources */ = {isa = PBXBuildFile; fileRef = 44B92F051CF89D1600869201 /* QFXVideoMeowsModel.m */; settings = {ASSET_TAGS = (); }; };
		44B92F0D1CF89D1600869201 /* QFXVideoThumbModel.m in Sources */ = {isa = PBXBuildFile; fileRef = 44B92F071CF89D1600869201 /* QFXVideoThumbModel.m */; settings = {ASSET_TAGS = (); }; };
		44B92F0E1CF89D1600869201 /* QFXVideoDataModel.m in Sources */ = {isa = PBXBuildFile; fileRef = 44B92F091CF89D1600869201 /* QFXVideoDataModel.m */; settings = {ASSET_TAGS = (); }; };
		44B92F121CF89D4200869201 /* QFXVideoViewController.m in Sources */ = {isa = PBXBuildFile; fileRef = 44B92F101CF89D4200869201 /* QFXVideoViewController.m */; settings = {ASSET_TAGS = (); }; };
		44B92F131CF89D4200869201 /* QFXVideoViewController.xib in Resources */ = {isa = PBXBuildFile; fileRef = 44B92F111CF89D4200869201 /* QFXVideoViewController.xib */; settings = {ASSET_TAGS = (); }; };
		44B92F291CF89DA800869201 /* HomeHeaderView.m in Sources */ = {isa = PBXBuildFile; fileRef = 44B92F221CF89DA800869201 /* HomeHeaderView.m */; settings = {ASSET_TAGS = (); }; };
		44B92F2A1CF89DA800869201 /* HomeHeaderView.xib in Resources */ = {isa = PBXBuildFile; fileRef = 44B92F231CF89DA800869201 /* HomeHeaderView.xib */; settings = {ASSET_TAGS = (); }; };
		44B92F2B1CF89DA800869201 /* HomeThemeButton.m in Sources */ = {isa = PBXBuildFile; fileRef = 44B92F251CF89DA800869201 /* HomeThemeButton.m */; settings = {ASSET_TAGS = (); }; };
		44B92F2C1CF89DA800869201 /* QFXHomeTableViewCell.m in Sources */ = {isa = PBXBuildFile; fileRef = 44B92F271CF89DA800869201 /* QFXHomeTableViewCell.m */; settings = {ASSET_TAGS = (); }; };
		44B92F2D1CF89DA800869201 /* QFXHomeTableViewCell.xib in Resources */ = {isa = PBXBuildFile; fileRef = 44B92F281CF89DA800869201 /* QFXHomeTableViewCell.xib */; settings = {ASSET_TAGS = (); }; };
		44B92F311CF89DFC00869201 /* HomeViewController.m in Sources */ = {isa = PBXBuildFile; fileRef = 44B92F2F1CF89DFC00869201 /* HomeViewController.m */; settings = {ASSET_TAGS = (); }; };
		44B92F321CF89DFC00869201 /* HomeViewController.xib in Resources */ = {isa = PBXBuildFile; fileRef = 44B92F301CF89DFC00869201 /* HomeViewController.xib */; settings = {ASSET_TAGS = (); }; };
		44E9E2951CF8BDD7005439C1 /* QFXHomeDataModel.m in Sources */ = {isa = PBXBuildFile; fileRef = 44E9E2941CF8BDD7005439C1 /* QFXHomeDataModel.m */; settings = {ASSET_TAGS = (); }; };
		44E9E2981CF8BEFA005439C1 /* QFXEntity_List.m in Sources */ = {isa = PBXBuildFile; fileRef = 44E9E2971CF8BEFA005439C1 /* QFXEntity_List.m */; settings = {ASSET_TAGS = (); }; };
		44E9E29B1CF8C12D005439C1 /* QFXHomeGroupModel.m in Sources */ = {isa = PBXBuildFile; fileRef = 44E9E29A1CF8C12D005439C1 /* QFXHomeGroupModel.m */; settings = {ASSET_TAGS = (); }; };
		44E9E29E1CF8C1C7005439C1 /* QFXHomeThumbModel.m in Sources */ = {isa = PBXBuildFile; fileRef = 44E9E29D1CF8C1C7005439C1 /* QFXHomeThumbModel.m */; settings = {ASSET_TAGS = (); }; };
		44E9E2A11CF8C289005439C1 /* QFXHomeMeowModel.m in Sources */ = {isa = PBXBuildFile; fileRef = 44E9E2A01CF8C289005439C1 /* QFXHomeMeowModel.m */; settings = {ASSET_TAGS = (); }; };
		44E9E2A41CF8C357005439C1 /* QFXHomeUserModel.m in Sources */ = {isa = PBXBuildFile; fileRef = 44E9E2A31CF8C357005439C1 /* QFXHomeUserModel.m */; settings = {ASSET_TAGS = (); }; };
		44E9E2A71CF8C3CA005439C1 /* QFXHomeCategoryModel.m in Sources */ = {isa = PBXBuildFile; fileRef = 44E9E2A61CF8C3CA005439C1 /* QFXHomeCategoryModel.m */; settings = {ASSET_TAGS = (); }; };
		44E9E2AA1CF8CCEA005439C1 /* QFXHomeTeaModel.m in Sources */ = {isa = PBXBuildFile; fileRef = 44E9E2A91CF8CCEA005439C1 /* QFXHomeTeaModel.m */; settings = {ASSET_TAGS = (); }; };
		44E9E2AE1CF8F2E0005439C1 /* QFXVideoDetailsViewController.m in Sources */ = {isa = PBXBuildFile; fileRef = 44E9E2AC1CF8F2E0005439C1 /* QFXVideoDetailsViewController.m */; settings = {ASSET_TAGS = (); }; };
		44E9E2AF1CF8F2E0005439C1 /* QFXVideoDetailsViewController.xib in Resources */ = {isa = PBXBuildFile; fileRef = 44E9E2AD1CF8F2E0005439C1 /* QFXVideoDetailsViewController.xib */; settings = {ASSET_TAGS = (); }; };
		961E53C661D7ACCFB600BA38 /* libPods.a in Frameworks */ = {isa = PBXBuildFile; fileRef = 406DE60B564A7A8F61973FAE /* libPods.a */; };
		D90B2F901CDB4E2C00B762CF /* main.m in Sources */ = {isa = PBXBuildFile; fileRef = D90B2F8F1CDB4E2C00B762CF /* main.m */; };
		D90B2F931CDB4E2C00B762CF /* AppDelegate.m in Sources */ = {isa = PBXBuildFile; fileRef = D90B2F921CDB4E2C00B762CF /* AppDelegate.m */; };
		D90B2F961CDB4E2C00B762CF /* ViewController.m in Sources */ = {isa = PBXBuildFile; fileRef = D90B2F951CDB4E2C00B762CF /* ViewController.m */; };
		D90B2F991CDB4E2C00B762CF /* Main.storyboard in Resources */ = {isa = PBXBuildFile; fileRef = D90B2F971CDB4E2C00B762CF /* Main.storyboard */; };
		D90B2F9B1CDB4E2C00B762CF /* Assets.xcassets in Resources */ = {isa = PBXBuildFile; fileRef = D90B2F9A1CDB4E2C00B762CF /* Assets.xcassets */; };
		D90B2F9E1CDB4E2C00B762CF /* LaunchScreen.storyboard in Resources */ = {isa = PBXBuildFile; fileRef = D90B2F9C1CDB4E2C00B762CF /* LaunchScreen.storyboard */; };
		D90B2FB01CDB4FAC00B762CF /* QFXCustomViewController.m in Sources */ = {isa = PBXBuildFile; fileRef = D90B2FAF1CDB4FAC00B762CF /* QFXCustomViewController.m */; };
		D90B2FBB1CDB51E400B762CF /* UIBarButtonItem+InitType.m in Sources */ = {isa = PBXBuildFile; fileRef = D90B2FBA1CDB51E400B762CF /* UIBarButtonItem+InitType.m */; };
		D90B2FC01CDC405100B762CF /* UIStoryboard+NavPopToVC.m in Sources */ = {isa = PBXBuildFile; fileRef = D90B2FBF1CDC405100B762CF /* UIStoryboard+NavPopToVC.m */; };
		D90B2FC71CDC430200B762CF /* UINavigationController+Pop.m in Sources */ = {isa = PBXBuildFile; fileRef = D90B2FC61CDC430200B762CF /* UINavigationController+Pop.m */; };
		D90B2FCA1CDC461900B762CF /* QFXTabBarController.m in Sources */ = {isa = PBXBuildFile; fileRef = D90B2FC91CDC461900B762CF /* QFXTabBarController.m */; };
		D90B2FCD1CDC463300B762CF /* QFXTabBar.m in Sources */ = {isa = PBXBuildFile; fileRef = D90B2FCC1CDC463300B762CF /* QFXTabBar.m */; };
		D90B2FE31CDC76E400B762CF /* MineViewController.m in Sources */ = {isa = PBXBuildFile; fileRef = D90B2FE11CDC76E400B762CF /* MineViewController.m */; };
		D90B2FE41CDC76E400B762CF /* MineViewController.xib in Resources */ = {isa = PBXBuildFile; fileRef = D90B2FE21CDC76E400B762CF /* MineViewController.xib */; };
		D90B2FE81CDC76FF00B762CF /* DynamicViewController.m in Sources */ = {isa = PBXBuildFile; fileRef = D90B2FE61CDC76FF00B762CF /* DynamicViewController.m */; };
		D90B2FE91CDC76FF00B762CF /* DynamicViewController.xib in Resources */ = {isa = PBXBuildFile; fileRef = D90B2FE71CDC76FF00B762CF /* DynamicViewController.xib */; };
		D90B2FF31CDC772800B762CF /* SearchViewController.m in Sources */ = {isa = PBXBuildFile; fileRef = D90B2FF11CDC772800B762CF /* SearchViewController.m */; };
		D90B2FF41CDC772800B762CF /* SearchViewController.xib in Resources */ = {isa = PBXBuildFile; fileRef = D90B2FF21CDC772800B762CF /* SearchViewController.xib */; };
		D90B2FFA1CDC7AA200B762CF /* FindViewController.m in Sources */ = {isa = PBXBuildFile; fileRef = D90B2FF81CDC7AA200B762CF /* FindViewController.m */; };
		D9356B431CF15E9F0001D79C /* BannerModel.m in Sources */ = {isa = PBXBuildFile; fileRef = D9356B421CF15E9F0001D79C /* BannerModel.m */; };
		D93A42D51CE34D7E000B359B /* FindCubeCollectionViewCell.m in Sources */ = {isa = PBXBuildFile; fileRef = D93A42D31CE34D7E000B359B /* FindCubeCollectionViewCell.m */; };
		D93A42D61CE34D7E000B359B /* FindCubeCollectionViewCell.xib in Resources */ = {isa = PBXBuildFile; fileRef = D93A42D41CE34D7E000B359B /* FindCubeCollectionViewCell.xib */; };
		D93A42DB1CE35248000B359B /* FooterCollectionReusableView.m in Sources */ = {isa = PBXBuildFile; fileRef = D93A42D91CE35248000B359B /* FooterCollectionReusableView.m */; };
		D93A42DC1CE35248000B359B /* FooterCollectionReusableView.xib in Resources */ = {isa = PBXBuildFile; fileRef = D93A42DA1CE35248000B359B /* FooterCollectionReusableView.xib */; };
		D9424BCB1CE72E2C00DC3B76 /* TopicsFooterCollectionReusableView.m in Sources */ = {isa = PBXBuildFile; fileRef = D9424BC91CE72E2C00DC3B76 /* TopicsFooterCollectionReusableView.m */; };
		D9424BCC1CE72E2C00DC3B76 /* TopicsFooterCollectionReusableView.xib in Resources */ = {isa = PBXBuildFile; fileRef = D9424BCA1CE72E2C00DC3B76 /* TopicsFooterCollectionReusableView.xib */; };
		D9424BD01CE8060900DC3B76 /* ShareButtonViewController.m in Sources */ = {isa = PBXBuildFile; fileRef = D9424BCF1CE8060900DC3B76 /* ShareButtonViewController.m */; };
		D9424BF31CE814A700DC3B76 /* ContentsStateTableViewCell.m in Sources */ = {isa = PBXBuildFile; fileRef = D9424BF11CE814A700DC3B76 /* ContentsStateTableViewCell.m */; };
		D9424BF41CE814A700DC3B76 /* ContentsStateTableViewCell.xib in Resources */ = {isa = PBXBuildFile; fileRef = D9424BF21CE814A700DC3B76 /* ContentsStateTableViewCell.xib */; };
		D9424BF81CE814CF00DC3B76 /* GroupContentTableViewCell.m in Sources */ = {isa = PBXBuildFile; fileRef = D9424BF61CE814CF00DC3B76 /* GroupContentTableViewCell.m */; };
		D9424BF91CE814CF00DC3B76 /* GroupContentTableViewCell.xib in Resources */ = {isa = PBXBuildFile; fileRef = D9424BF71CE814CF00DC3B76 /* GroupContentTableViewCell.xib */; };
		D9424BFD1CE814E300DC3B76 /* CreaterContentTableViewCell.m in Sources */ = {isa = PBXBuildFile; fileRef = D9424BFB1CE814E300DC3B76 /* CreaterContentTableViewCell.m */; };
		D9424BFE1CE814E300DC3B76 /* CreaterContentTableViewCell.xib in Resources */ = {isa = PBXBuildFile; fileRef = D9424BFC1CE814E300DC3B76 /* CreaterContentTableViewCell.xib */; };
		D9424C011CE815ED00DC3B76 /* CreaterContentHeader.m in Sources */ = {isa = PBXBuildFile; fileRef = D9424C001CE815ED00DC3B76 /* CreaterContentHeader.m */; };
		D9424C071CE8161300DC3B76 /* GroupHeader.m in Sources */ = {isa = PBXBuildFile; fileRef = D9424C061CE8161300DC3B76 /* GroupHeader.m */; };
		D9424C091CE8162900DC3B76 /* GroupHeader.xib in Resources */ = {isa = PBXBuildFile; fileRef = D9424C081CE8162900DC3B76 /* GroupHeader.xib */; };
		D9424C0B1CE8168300DC3B76 /* CreaterContentHeader.xib in Resources */ = {isa = PBXBuildFile; fileRef = D9424C0A1CE8168300DC3B76 /* CreaterContentHeader.xib */; };
		D9524DF71CF198D4000A15E2 /* TopTableViewCell.m in Sources */ = {isa = PBXBuildFile; fileRef = D9524DF51CF198D4000A15E2 /* TopTableViewCell.m */; };
		D9524DF81CF198D4000A15E2 /* TopTableViewCell.xib in Resources */ = {isa = PBXBuildFile; fileRef = D9524DF61CF198D4000A15E2 /* TopTableViewCell.xib */; };
		D9524E011CF1A561000A15E2 /* TypeTwoCollectionReusableView.m in Sources */ = {isa = PBXBuildFile; fileRef = D9524DFF1CF1A561000A15E2 /* TypeTwoCollectionReusableView.m */; };
		D9524E021CF1A561000A15E2 /* TypeTwoCollectionReusableView.xib in Resources */ = {isa = PBXBuildFile; fileRef = D9524E001CF1A561000A15E2 /* TypeTwoCollectionReusableView.xib */; };
		D9524E081CF1AE5A000A15E2 /* CubeDetailModel.m in Sources */ = {isa = PBXBuildFile; fileRef = D9524E071CF1AE5A000A15E2 /* CubeDetailModel.m */; };
		D9610C881CEDF3CA00917597 /* HTTPRequest.m in Sources */ = {isa = PBXBuildFile; fileRef = D9610C871CEDF3CA00917597 /* HTTPRequest.m */; };
		D9730B5E1CF339F800C8978E /* QFXTools.m in Sources */ = {isa = PBXBuildFile; fileRef = D9730B5D1CF339F800C8978E /* QFXTools.m */; };
		D9871BAF1CE3608500953D54 /* FindCreatorListTableViewCell.m in Sources */ = {isa = PBXBuildFile; fileRef = D9871BAD1CE3608500953D54 /* FindCreatorListTableViewCell.m */; };
		D9871BB01CE3608500953D54 /* FindCreatorListTableViewCell.xib in Resources */ = {isa = PBXBuildFile; fileRef = D9871BAE1CE3608500953D54 /* FindCreatorListTableViewCell.xib */; };
		D9871BB41CE5FF8400953D54 /* ShareButton.m in Sources */ = {isa = PBXBuildFile; fileRef = D9871BB31CE5FF8400953D54 /* ShareButton.m */; };
		D9871BB61CE5FFA200953D54 /* ShareButton.xib in Resources */ = {isa = PBXBuildFile; fileRef = D9871BB51CE5FFA200953D54 /* ShareButton.xib */; };
		D9871BBB1CE6137600953D54 /* CubeDetailViewController.m in Sources */ = {isa = PBXBuildFile; fileRef = D9871BB91CE6137600953D54 /* CubeDetailViewController.m */; };
		D9A5533B1CEF35AB00BE44A5 /* ActivityModel.m in Sources */ = {isa = PBXBuildFile; fileRef = D9A5533A1CEF35AB00BE44A5 /* ActivityModel.m */; };
		D9A553411CEFF01800BE44A5 /* SecondGroupinfo.m in Sources */ = {isa = PBXBuildFile; fileRef = D9A553401CEFF01800BE44A5 /* SecondGroupinfo.m */; };
		D9A553471CEFF67100BE44A5 /* CubeModel.m in Sources */ = {isa = PBXBuildFile; fileRef = D9A553461CEFF67100BE44A5 /* CubeModel.m */; };
		D9A5534B1CEFFC5600BE44A5 /* SpecialModel.m in Sources */ = {isa = PBXBuildFile; fileRef = D9A5534A1CEFFC5600BE44A5 /* SpecialModel.m */; };
		D9A553501CF0901000BE44A5 /* HeaderCollectionReusableView.m in Sources */ = {isa = PBXBuildFile; fileRef = D9A5534E1CF0901000BE44A5 /* HeaderCollectionReusableView.m */; };
		D9A553511CF0901000BE44A5 /* HeaderCollectionReusableView.xib in Resources */ = {isa = PBXBuildFile; fileRef = D9A5534F1CF0901000BE44A5 /* HeaderCollectionReusableView.xib */; };
		D9A553581CF095C200BE44A5 /* LCViewPagerImageView.m in Sources */ = {isa = PBXBuildFile; fileRef = D9A553551CF095C200BE44A5 /* LCViewPagerImageView.m */; };
		D9A553591CF095C200BE44A5 /* LCViewPagerView.m in Sources */ = {isa = PBXBuildFile; fileRef = D9A553571CF095C200BE44A5 /* LCViewPagerView.m */; };
		D9B63B171CEC8B1D00C5F3A1 /* DirectoryListCell.m in Sources */ = {isa = PBXBuildFile; fileRef = D9B63B151CEC8B1D00C5F3A1 /* DirectoryListCell.m */; };
		D9B63B181CEC8B1D00C5F3A1 /* DirectoryListCell.xib in Resources */ = {isa = PBXBuildFile; fileRef = D9B63B161CEC8B1D00C5F3A1 /* DirectoryListCell.xib */; };
		D9B63B271CECA12D00C5F3A1 /* CreatorListViewController.m in Sources */ = {isa = PBXBuildFile; fileRef = D9B63B251CECA12D00C5F3A1 /* CreatorListViewController.m */; };
		D9B63B2B1CECA14D00C5F3A1 /* DirectoryListViewController.m in Sources */ = {isa = PBXBuildFile; fileRef = D9B63B2A1CECA14D00C5F3A1 /* DirectoryListViewController.m */; };
		D9B63B301CECABCB00C5F3A1 /* CreatorModel.m in Sources */ = {isa = PBXBuildFile; fileRef = D9B63B2F1CECABCB00C5F3A1 /* CreatorModel.m */; };
		D9BCC9221CE20A080094CECB /* UIColor+HexColor.m in Sources */ = {isa = PBXBuildFile; fileRef = D9BCC8B61CE20A080094CECB /* UIColor+HexColor.m */; };
		D9CCA3011CEB4B0D0024C2A9 /* JoinIn.m in Sources */ = {isa = PBXBuildFile; fileRef = D9CCA3001CEB4B0D0024C2A9 /* JoinIn.m */; };
		D9CCA3031CEB4B2C0024C2A9 /* JoinIn.xib in Resources */ = {isa = PBXBuildFile; fileRef = D9CCA3021CEB4B2C0024C2A9 /* JoinIn.xib */; };
		D9CFBED21CE21F4B00DD775B /* QFXNavgationController.m in Sources */ = {isa = PBXBuildFile; fileRef = D9CFBED11CE21F4B00DD775B /* QFXNavgationController.m */; };
		D9CFE3A21CF728EE0043FB35 /* MySegement.m in Sources */ = {isa = PBXBuildFile; fileRef = D9CFE3A11CF728EE0043FB35 /* MySegement.m */; };
		D9CFE3A61CF843740043FB35 /* MyTableView.m in Sources */ = {isa = PBXBuildFile; fileRef = D9CFE3A51CF843740043FB35 /* MyTableView.m */; };
		D9CFE3AA1CF8475C0043FB35 /* DirectoryModel.m in Sources */ = {isa = PBXBuildFile; fileRef = D9CFE3A91CF8475C0043FB35 /* DirectoryModel.m */; };
/* End PBXBuildFile section */

/* Begin PBXFileReference section */
		25330BC64C74FC8276B42F12 /* Pods.release.xcconfig */ = {isa = PBXFileReference; includeInIndex = 1; lastKnownFileType = text.xcconfig; name = Pods.release.xcconfig; path = "Pods/Target Support Files/Pods/Pods.release.xcconfig"; sourceTree = "<group>"; };
		406DE60B564A7A8F61973FAE /* libPods.a */ = {isa = PBXFileReference; explicitFileType = archive.ar; includeInIndex = 0; path = libPods.a; sourceTree = BUILT_PRODUCTS_DIR; };
		447215BA1CF05FA20003D460 /* SettingMessage.h */ = {isa = PBXFileReference; fileEncoding = 4; lastKnownFileType = sourcecode.c.h; path = SettingMessage.h; sourceTree = "<group>"; };
		447215BB1CF05FA20003D460 /* SettingMessage.m */ = {isa = PBXFileReference; fileEncoding = 4; lastKnownFileType = sourcecode.c.objc; path = SettingMessage.m; sourceTree = "<group>"; };
		447215BD1CF05FA20003D460 /* MineHeaderView.h */ = {isa = PBXFileReference; fileEncoding = 4; lastKnownFileType = sourcecode.c.h; path = MineHeaderView.h; sourceTree = "<group>"; };
		447215BE1CF05FA20003D460 /* MineHeaderView.m */ = {isa = PBXFileReference; fileEncoding = 4; lastKnownFileType = sourcecode.c.objc; path = MineHeaderView.m; sourceTree = "<group>"; };
		447215BF1CF05FA20003D460 /* MineHeaderView.xib */ = {isa = PBXFileReference; fileEncoding = 4; lastKnownFileType = file.xib; path = MineHeaderView.xib; sourceTree = "<group>"; };
		447215C01CF05FA20003D460 /* QFXMineTableViewCell.h */ = {isa = PBXFileReference; fileEncoding = 4; lastKnownFileType = sourcecode.c.h; path = QFXMineTableViewCell.h; sourceTree = "<group>"; };
		447215C11CF05FA20003D460 /* QFXMineTableViewCell.m */ = {isa = PBXFileReference; fileEncoding = 4; lastKnownFileType = sourcecode.c.objc; path = QFXMineTableViewCell.m; sourceTree = "<group>"; };
		447215C21CF05FA20003D460 /* QFXMineTableViewCell.xib */ = {isa = PBXFileReference; fileEncoding = 4; lastKnownFileType = file.xib; path = QFXMineTableViewCell.xib; sourceTree = "<group>"; };
		447215C81CF0607C0003D460 /* settingMessage.plist */ = {isa = PBXFileReference; fileEncoding = 4; lastKnownFileType = text.plist.xml; path = settingMessage.plist; sourceTree = "<group>"; };
		448756031CEB48EF000BE61D /* QFXStatusCacheTool.h */ = {isa = PBXFileReference; fileEncoding = 4; lastKnownFileType = sourcecode.c.h; path = QFXStatusCacheTool.h; sourceTree = "<group>"; };
		448756041CEB48EF000BE61D /* QFXStatusCacheTool.m */ = {isa = PBXFileReference; fileEncoding = 4; lastKnownFileType = sourcecode.c.objc; path = QFXStatusCacheTool.m; sourceTree = "<group>"; };
		44B92EFB1CF89CF300869201 /* QFXVideoTableViewCell.h */ = {isa = PBXFileReference; fileEncoding = 4; lastKnownFileType = sourcecode.c.h; path = QFXVideoTableViewCell.h; sourceTree = "<group>"; };
		44B92EFC1CF89CF300869201 /* QFXVideoTableViewCell.m */ = {isa = PBXFileReference; fileEncoding = 4; lastKnownFileType = sourcecode.c.objc; path = QFXVideoTableViewCell.m; sourceTree = "<group>"; };
		44B92EFD1CF89CF300869201 /* QFXVideoTableViewCell.xib */ = {isa = PBXFileReference; fileEncoding = 4; lastKnownFileType = file.xib; path = QFXVideoTableViewCell.xib; sourceTree = "<group>"; };
		44B92F001CF89D1600869201 /* QFXVideoCategory.h */ = {isa = PBXFileReference; fileEncoding = 4; lastKnownFileType = sourcecode.c.h; path = QFXVideoCategory.h; sourceTree = "<group>"; };
		44B92F011CF89D1600869201 /* QFXVideoCategory.m */ = {isa = PBXFileReference; fileEncoding = 4; lastKnownFileType = sourcecode.c.objc; path = QFXVideoCategory.m; sourceTree = "<group>"; };
		44B92F021CF89D1600869201 /* QFXVideoGroupModel.h */ = {isa = PBXFileReference; fileEncoding = 4; lastKnownFileType = sourcecode.c.h; path = QFXVideoGroupModel.h; sourceTree = "<group>"; };
		44B92F031CF89D1600869201 /* QFXVideoGroupModel.m */ = {isa = PBXFileReference; fileEncoding = 4; lastKnownFileType = sourcecode.c.objc; path = QFXVideoGroupModel.m; sourceTree = "<group>"; };
		44B92F041CF89D1600869201 /* QFXVideoMeowsModel.h */ = {isa = PBXFileReference; fileEncoding = 4; lastKnownFileType = sourcecode.c.h; path = QFXVideoMeowsModel.h; sourceTree = "<group>"; };
		44B92F051CF89D1600869201 /* QFXVideoMeowsModel.m */ = {isa = PBXFileReference; fileEncoding = 4; lastKnownFileType = sourcecode.c.objc; path = QFXVideoMeowsModel.m; sourceTree = "<group>"; };
		44B92F061CF89D1600869201 /* QFXVideoThumbModel.h */ = {isa = PBXFileReference; fileEncoding = 4; lastKnownFileType = sourcecode.c.h; path = QFXVideoThumbModel.h; sourceTree = "<group>"; };
		44B92F071CF89D1600869201 /* QFXVideoThumbModel.m */ = {isa = PBXFileReference; fileEncoding = 4; lastKnownFileType = sourcecode.c.objc; path = QFXVideoThumbModel.m; sourceTree = "<group>"; };
		44B92F081CF89D1600869201 /* QFXVideoDataModel.h */ = {isa = PBXFileReference; fileEncoding = 4; lastKnownFileType = sourcecode.c.h; path = QFXVideoDataModel.h; sourceTree = "<group>"; };
		44B92F091CF89D1600869201 /* QFXVideoDataModel.m */ = {isa = PBXFileReference; fileEncoding = 4; lastKnownFileType = sourcecode.c.objc; path = QFXVideoDataModel.m; sourceTree = "<group>"; };
		44B92F0F1CF89D4200869201 /* QFXVideoViewController.h */ = {isa = PBXFileReference; fileEncoding = 4; lastKnownFileType = sourcecode.c.h; path = QFXVideoViewController.h; sourceTree = "<group>"; };
		44B92F101CF89D4200869201 /* QFXVideoViewController.m */ = {isa = PBXFileReference; fileEncoding = 4; lastKnownFileType = sourcecode.c.objc; path = QFXVideoViewController.m; sourceTree = "<group>"; };
		44B92F111CF89D4200869201 /* QFXVideoViewController.xib */ = {isa = PBXFileReference; fileEncoding = 4; lastKnownFileType = file.xib; path = QFXVideoViewController.xib; sourceTree = "<group>"; };
		44B92F211CF89DA800869201 /* HomeHeaderView.h */ = {isa = PBXFileReference; fileEncoding = 4; lastKnownFileType = sourcecode.c.h; path = HomeHeaderView.h; sourceTree = "<group>"; };
		44B92F221CF89DA800869201 /* HomeHeaderView.m */ = {isa = PBXFileReference; fileEncoding = 4; lastKnownFileType = sourcecode.c.objc; path = HomeHeaderView.m; sourceTree = "<group>"; };
		44B92F231CF89DA800869201 /* HomeHeaderView.xib */ = {isa = PBXFileReference; fileEncoding = 4; lastKnownFileType = file.xib; path = HomeHeaderView.xib; sourceTree = "<group>"; };
		44B92F241CF89DA800869201 /* HomeThemeButton.h */ = {isa = PBXFileReference; fileEncoding = 4; lastKnownFileType = sourcecode.c.h; path = HomeThemeButton.h; sourceTree = "<group>"; };
		44B92F251CF89DA800869201 /* HomeThemeButton.m */ = {isa = PBXFileReference; fileEncoding = 4; lastKnownFileType = sourcecode.c.objc; path = HomeThemeButton.m; sourceTree = "<group>"; };
		44B92F261CF89DA800869201 /* QFXHomeTableViewCell.h */ = {isa = PBXFileReference; fileEncoding = 4; lastKnownFileType = sourcecode.c.h; path = QFXHomeTableViewCell.h; sourceTree = "<group>"; };
		44B92F271CF89DA800869201 /* QFXHomeTableViewCell.m */ = {isa = PBXFileReference; fileEncoding = 4; lastKnownFileType = sourcecode.c.objc; path = QFXHomeTableViewCell.m; sourceTree = "<group>"; };
		44B92F281CF89DA800869201 /* QFXHomeTableViewCell.xib */ = {isa = PBXFileReference; fileEncoding = 4; lastKnownFileType = file.xib; path = QFXHomeTableViewCell.xib; sourceTree = "<group>"; };
		44B92F2E1CF89DFC00869201 /* HomeViewController.h */ = {isa = PBXFileReference; fileEncoding = 4; lastKnownFileType = sourcecode.c.h; path = HomeViewController.h; sourceTree = "<group>"; };
		44B92F2F1CF89DFC00869201 /* HomeViewController.m */ = {isa = PBXFileReference; fileEncoding = 4; lastKnownFileType = sourcecode.c.objc; path = HomeViewController.m; sourceTree = "<group>"; };
		44B92F301CF89DFC00869201 /* HomeViewController.xib */ = {isa = PBXFileReference; fileEncoding = 4; lastKnownFileType = file.xib; path = HomeViewController.xib; sourceTree = "<group>"; };
		44E9E2931CF8BDD7005439C1 /* QFXHomeDataModel.h */ = {isa = PBXFileReference; fileEncoding = 4; lastKnownFileType = sourcecode.c.h; path = QFXHomeDataModel.h; sourceTree = "<group>"; };
		44E9E2941CF8BDD7005439C1 /* QFXHomeDataModel.m */ = {isa = PBXFileReference; fileEncoding = 4; lastKnownFileType = sourcecode.c.objc; path = QFXHomeDataModel.m; sourceTree = "<group>"; };
		44E9E2961CF8BEFA005439C1 /* QFXEntity_List.h */ = {isa = PBXFileReference; fileEncoding = 4; lastKnownFileType = sourcecode.c.h; path = QFXEntity_List.h; sourceTree = "<group>"; };
		44E9E2971CF8BEFA005439C1 /* QFXEntity_List.m */ = {isa = PBXFileReference; fileEncoding = 4; lastKnownFileType = sourcecode.c.objc; path = QFXEntity_List.m; sourceTree = "<group>"; };
		44E9E2991CF8C12D005439C1 /* QFXHomeGroupModel.h */ = {isa = PBXFileReference; fileEncoding = 4; lastKnownFileType = sourcecode.c.h; path = QFXHomeGroupModel.h; sourceTree = "<group>"; };
		44E9E29A1CF8C12D005439C1 /* QFXHomeGroupModel.m */ = {isa = PBXFileReference; fileEncoding = 4; lastKnownFileType = sourcecode.c.objc; path = QFXHomeGroupModel.m; sourceTree = "<group>"; };
		44E9E29C1CF8C1C7005439C1 /* QFXHomeThumbModel.h */ = {isa = PBXFileReference; fileEncoding = 4; lastKnownFileType = sourcecode.c.h; path = QFXHomeThumbModel.h; sourceTree = "<group>"; };
		44E9E29D1CF8C1C7005439C1 /* QFXHomeThumbModel.m */ = {isa = PBXFileReference; fileEncoding = 4; lastKnownFileType = sourcecode.c.objc; path = QFXHomeThumbModel.m; sourceTree = "<group>"; };
		44E9E29F1CF8C289005439C1 /* QFXHomeMeowModel.h */ = {isa = PBXFileReference; fileEncoding = 4; lastKnownFileType = sourcecode.c.h; path = QFXHomeMeowModel.h; sourceTree = "<group>"; };
		44E9E2A01CF8C289005439C1 /* QFXHomeMeowModel.m */ = {isa = PBXFileReference; fileEncoding = 4; lastKnownFileType = sourcecode.c.objc; path = QFXHomeMeowModel.m; sourceTree = "<group>"; };
		44E9E2A21CF8C357005439C1 /* QFXHomeUserModel.h */ = {isa = PBXFileReference; fileEncoding = 4; lastKnownFileType = sourcecode.c.h; path = QFXHomeUserModel.h; sourceTree = "<group>"; };
		44E9E2A31CF8C357005439C1 /* QFXHomeUserModel.m */ = {isa = PBXFileReference; fileEncoding = 4; lastKnownFileType = sourcecode.c.objc; path = QFXHomeUserModel.m; sourceTree = "<group>"; };
		44E9E2A51CF8C3CA005439C1 /* QFXHomeCategoryModel.h */ = {isa = PBXFileReference; fileEncoding = 4; lastKnownFileType = sourcecode.c.h; path = QFXHomeCategoryModel.h; sourceTree = "<group>"; };
		44E9E2A61CF8C3CA005439C1 /* QFXHomeCategoryModel.m */ = {isa = PBXFileReference; fileEncoding = 4; lastKnownFileType = sourcecode.c.objc; path = QFXHomeCategoryModel.m; sourceTree = "<group>"; };
		44E9E2A81CF8CCEA005439C1 /* QFXHomeTeaModel.h */ = {isa = PBXFileReference; fileEncoding = 4; lastKnownFileType = sourcecode.c.h; path = QFXHomeTeaModel.h; sourceTree = "<group>"; };
		44E9E2A91CF8CCEA005439C1 /* QFXHomeTeaModel.m */ = {isa = PBXFileReference; fileEncoding = 4; lastKnownFileType = sourcecode.c.objc; path = QFXHomeTeaModel.m; sourceTree = "<group>"; };
		44E9E2AB1CF8F2E0005439C1 /* QFXVideoDetailsViewController.h */ = {isa = PBXFileReference; fileEncoding = 4; lastKnownFileType = sourcecode.c.h; path = QFXVideoDetailsViewController.h; sourceTree = "<group>"; };
		44E9E2AC1CF8F2E0005439C1 /* QFXVideoDetailsViewController.m */ = {isa = PBXFileReference; fileEncoding = 4; lastKnownFileType = sourcecode.c.objc; path = QFXVideoDetailsViewController.m; sourceTree = "<group>"; };
		44E9E2AD1CF8F2E0005439C1 /* QFXVideoDetailsViewController.xib */ = {isa = PBXFileReference; fileEncoding = 4; lastKnownFileType = file.xib; path = QFXVideoDetailsViewController.xib; sourceTree = "<group>"; };
		9F8B2F5898E6E255BB1C5CAA /* Pods.debug.xcconfig */ = {isa = PBXFileReference; includeInIndex = 1; lastKnownFileType = text.xcconfig; name = Pods.debug.xcconfig; path = "Pods/Target Support Files/Pods/Pods.debug.xcconfig"; sourceTree = "<group>"; };
		D90B2F8B1CDB4E2C00B762CF /* QuFaXian.app */ = {isa = PBXFileReference; explicitFileType = wrapper.application; includeInIndex = 0; path = QuFaXian.app; sourceTree = BUILT_PRODUCTS_DIR; };
		D90B2F8F1CDB4E2C00B762CF /* main.m */ = {isa = PBXFileReference; lastKnownFileType = sourcecode.c.objc; path = main.m; sourceTree = "<group>"; };
		D90B2F911CDB4E2C00B762CF /* AppDelegate.h */ = {isa = PBXFileReference; lastKnownFileType = sourcecode.c.h; path = AppDelegate.h; sourceTree = "<group>"; };
		D90B2F921CDB4E2C00B762CF /* AppDelegate.m */ = {isa = PBXFileReference; lastKnownFileType = sourcecode.c.objc; path = AppDelegate.m; sourceTree = "<group>"; };
		D90B2F941CDB4E2C00B762CF /* ViewController.h */ = {isa = PBXFileReference; lastKnownFileType = sourcecode.c.h; path = ViewController.h; sourceTree = "<group>"; };
		D90B2F951CDB4E2C00B762CF /* ViewController.m */ = {isa = PBXFileReference; lastKnownFileType = sourcecode.c.objc; path = ViewController.m; sourceTree = "<group>"; };
		D90B2F981CDB4E2C00B762CF /* Base */ = {isa = PBXFileReference; lastKnownFileType = file.storyboard; name = Base; path = Base.lproj/Main.storyboard; sourceTree = "<group>"; };
		D90B2F9A1CDB4E2C00B762CF /* Assets.xcassets */ = {isa = PBXFileReference; lastKnownFileType = folder.assetcatalog; path = Assets.xcassets; sourceTree = "<group>"; };
		D90B2F9D1CDB4E2C00B762CF /* Base */ = {isa = PBXFileReference; lastKnownFileType = file.storyboard; name = Base; path = Base.lproj/LaunchScreen.storyboard; sourceTree = "<group>"; };
		D90B2F9F1CDB4E2C00B762CF /* Info.plist */ = {isa = PBXFileReference; lastKnownFileType = text.plist.xml; path = Info.plist; sourceTree = "<group>"; };
		D90B2FAE1CDB4FAC00B762CF /* QFXCustomViewController.h */ = {isa = PBXFileReference; fileEncoding = 4; lastKnownFileType = sourcecode.c.h; path = QFXCustomViewController.h; sourceTree = "<group>"; };
		D90B2FAF1CDB4FAC00B762CF /* QFXCustomViewController.m */ = {isa = PBXFileReference; fileEncoding = 4; lastKnownFileType = sourcecode.c.objc; path = QFXCustomViewController.m; sourceTree = "<group>"; };
		D90B2FB91CDB51E400B762CF /* UIBarButtonItem+InitType.h */ = {isa = PBXFileReference; fileEncoding = 4; lastKnownFileType = sourcecode.c.h; path = "UIBarButtonItem+InitType.h"; sourceTree = "<group>"; };
		D90B2FBA1CDB51E400B762CF /* UIBarButtonItem+InitType.m */ = {isa = PBXFileReference; fileEncoding = 4; lastKnownFileType = sourcecode.c.objc; path = "UIBarButtonItem+InitType.m"; sourceTree = "<group>"; };
		D90B2FBE1CDC405100B762CF /* UIStoryboard+NavPopToVC.h */ = {isa = PBXFileReference; fileEncoding = 4; lastKnownFileType = sourcecode.c.h; path = "UIStoryboard+NavPopToVC.h"; sourceTree = "<group>"; };
		D90B2FBF1CDC405100B762CF /* UIStoryboard+NavPopToVC.m */ = {isa = PBXFileReference; fileEncoding = 4; lastKnownFileType = sourcecode.c.objc; path = "UIStoryboard+NavPopToVC.m"; sourceTree = "<group>"; };
		D90B2FC51CDC430200B762CF /* UINavigationController+Pop.h */ = {isa = PBXFileReference; fileEncoding = 4; lastKnownFileType = sourcecode.c.h; path = "UINavigationController+Pop.h"; sourceTree = "<group>"; };
		D90B2FC61CDC430200B762CF /* UINavigationController+Pop.m */ = {isa = PBXFileReference; fileEncoding = 4; lastKnownFileType = sourcecode.c.objc; path = "UINavigationController+Pop.m"; sourceTree = "<group>"; };
		D90B2FC81CDC461900B762CF /* QFXTabBarController.h */ = {isa = PBXFileReference; fileEncoding = 4; lastKnownFileType = sourcecode.c.h; path = QFXTabBarController.h; sourceTree = "<group>"; };
		D90B2FC91CDC461900B762CF /* QFXTabBarController.m */ = {isa = PBXFileReference; fileEncoding = 4; lastKnownFileType = sourcecode.c.objc; path = QFXTabBarController.m; sourceTree = "<group>"; };
		D90B2FCB1CDC463300B762CF /* QFXTabBar.h */ = {isa = PBXFileReference; fileEncoding = 4; lastKnownFileType = sourcecode.c.h; path = QFXTabBar.h; sourceTree = "<group>"; };
		D90B2FCC1CDC463300B762CF /* QFXTabBar.m */ = {isa = PBXFileReference; fileEncoding = 4; lastKnownFileType = sourcecode.c.objc; path = QFXTabBar.m; sourceTree = "<group>"; };
		D90B2FE01CDC76E400B762CF /* MineViewController.h */ = {isa = PBXFileReference; fileEncoding = 4; lastKnownFileType = sourcecode.c.h; path = MineViewController.h; sourceTree = "<group>"; };
		D90B2FE11CDC76E400B762CF /* MineViewController.m */ = {isa = PBXFileReference; fileEncoding = 4; lastKnownFileType = sourcecode.c.objc; path = MineViewController.m; sourceTree = "<group>"; };
		D90B2FE21CDC76E400B762CF /* MineViewController.xib */ = {isa = PBXFileReference; fileEncoding = 4; lastKnownFileType = file.xib; path = MineViewController.xib; sourceTree = "<group>"; };
		D90B2FE51CDC76FF00B762CF /* DynamicViewController.h */ = {isa = PBXFileReference; fileEncoding = 4; lastKnownFileType = sourcecode.c.h; path = DynamicViewController.h; sourceTree = "<group>"; };
		D90B2FE61CDC76FF00B762CF /* DynamicViewController.m */ = {isa = PBXFileReference; fileEncoding = 4; lastKnownFileType = sourcecode.c.objc; path = DynamicViewController.m; sourceTree = "<group>"; };
		D90B2FE71CDC76FF00B762CF /* DynamicViewController.xib */ = {isa = PBXFileReference; fileEncoding = 4; lastKnownFileType = file.xib; path = DynamicViewController.xib; sourceTree = "<group>"; };
		D90B2FF01CDC772800B762CF /* SearchViewController.h */ = {isa = PBXFileReference; fileEncoding = 4; lastKnownFileType = sourcecode.c.h; path = SearchViewController.h; sourceTree = "<group>"; };
		D90B2FF11CDC772800B762CF /* SearchViewController.m */ = {isa = PBXFileReference; fileEncoding = 4; lastKnownFileType = sourcecode.c.objc; path = SearchViewController.m; sourceTree = "<group>"; };
		D90B2FF21CDC772800B762CF /* SearchViewController.xib */ = {isa = PBXFileReference; fileEncoding = 4; lastKnownFileType = file.xib; path = SearchViewController.xib; sourceTree = "<group>"; };
		D90B2FF71CDC7AA200B762CF /* FindViewController.h */ = {isa = PBXFileReference; fileEncoding = 4; lastKnownFileType = sourcecode.c.h; path = FindViewController.h; sourceTree = "<group>"; };
		D90B2FF81CDC7AA200B762CF /* FindViewController.m */ = {isa = PBXFileReference; fileEncoding = 4; lastKnownFileType = sourcecode.c.objc; path = FindViewController.m; sourceTree = "<group>"; };
		D9356B411CF15E9F0001D79C /* BannerModel.h */ = {isa = PBXFileReference; fileEncoding = 4; lastKnownFileType = sourcecode.c.h; path = BannerModel.h; sourceTree = "<group>"; };
		D9356B421CF15E9F0001D79C /* BannerModel.m */ = {isa = PBXFileReference; fileEncoding = 4; lastKnownFileType = sourcecode.c.objc; path = BannerModel.m; sourceTree = "<group>"; };
		D93A42D21CE34D7E000B359B /* FindCubeCollectionViewCell.h */ = {isa = PBXFileReference; fileEncoding = 4; lastKnownFileType = sourcecode.c.h; path = FindCubeCollectionViewCell.h; sourceTree = "<group>"; };
		D93A42D31CE34D7E000B359B /* FindCubeCollectionViewCell.m */ = {isa = PBXFileReference; fileEncoding = 4; lastKnownFileType = sourcecode.c.objc; path = FindCubeCollectionViewCell.m; sourceTree = "<group>"; };
		D93A42D41CE34D7E000B359B /* FindCubeCollectionViewCell.xib */ = {isa = PBXFileReference; fileEncoding = 4; lastKnownFileType = file.xib; path = FindCubeCollectionViewCell.xib; sourceTree = "<group>"; };
		D93A42D81CE35248000B359B /* FooterCollectionReusableView.h */ = {isa = PBXFileReference; fileEncoding = 4; lastKnownFileType = sourcecode.c.h; path = FooterCollectionReusableView.h; sourceTree = "<group>"; };
		D93A42D91CE35248000B359B /* FooterCollectionReusableView.m */ = {isa = PBXFileReference; fileEncoding = 4; lastKnownFileType = sourcecode.c.objc; path = FooterCollectionReusableView.m; sourceTree = "<group>"; };
		D93A42DA1CE35248000B359B /* FooterCollectionReusableView.xib */ = {isa = PBXFileReference; fileEncoding = 4; lastKnownFileType = file.xib; path = FooterCollectionReusableView.xib; sourceTree = "<group>"; };
		D9424BC81CE72E2C00DC3B76 /* TopicsFooterCollectionReusableView.h */ = {isa = PBXFileReference; fileEncoding = 4; lastKnownFileType = sourcecode.c.h; path = TopicsFooterCollectionReusableView.h; sourceTree = "<group>"; };
		D9424BC91CE72E2C00DC3B76 /* TopicsFooterCollectionReusableView.m */ = {isa = PBXFileReference; fileEncoding = 4; lastKnownFileType = sourcecode.c.objc; path = TopicsFooterCollectionReusableView.m; sourceTree = "<group>"; };
		D9424BCA1CE72E2C00DC3B76 /* TopicsFooterCollectionReusableView.xib */ = {isa = PBXFileReference; fileEncoding = 4; lastKnownFileType = file.xib; path = TopicsFooterCollectionReusableView.xib; sourceTree = "<group>"; };
		D9424BCE1CE8060900DC3B76 /* ShareButtonViewController.h */ = {isa = PBXFileReference; fileEncoding = 4; lastKnownFileType = sourcecode.c.h; path = ShareButtonViewController.h; sourceTree = "<group>"; };
		D9424BCF1CE8060900DC3B76 /* ShareButtonViewController.m */ = {isa = PBXFileReference; fileEncoding = 4; lastKnownFileType = sourcecode.c.objc; path = ShareButtonViewController.m; sourceTree = "<group>"; };
		D9424BF01CE814A700DC3B76 /* ContentsStateTableViewCell.h */ = {isa = PBXFileReference; fileEncoding = 4; lastKnownFileType = sourcecode.c.h; path = ContentsStateTableViewCell.h; sourceTree = "<group>"; };
		D9424BF11CE814A700DC3B76 /* ContentsStateTableViewCell.m */ = {isa = PBXFileReference; fileEncoding = 4; lastKnownFileType = sourcecode.c.objc; path = ContentsStateTableViewCell.m; sourceTree = "<group>"; };
		D9424BF21CE814A700DC3B76 /* ContentsStateTableViewCell.xib */ = {isa = PBXFileReference; fileEncoding = 4; lastKnownFileType = file.xib; path = ContentsStateTableViewCell.xib; sourceTree = "<group>"; };
		D9424BF51CE814CF00DC3B76 /* GroupContentTableViewCell.h */ = {isa = PBXFileReference; fileEncoding = 4; lastKnownFileType = sourcecode.c.h; name = GroupContentTableViewCell.h; path = "发现/GroupContentTableViewCell.h"; sourceTree = "<group>"; };
		D9424BF61CE814CF00DC3B76 /* GroupContentTableViewCell.m */ = {isa = PBXFileReference; fileEncoding = 4; lastKnownFileType = sourcecode.c.objc; name = GroupContentTableViewCell.m; path = "发现/GroupContentTableViewCell.m"; sourceTree = "<group>"; };
		D9424BF71CE814CF00DC3B76 /* GroupContentTableViewCell.xib */ = {isa = PBXFileReference; fileEncoding = 4; lastKnownFileType = file.xib; name = GroupContentTableViewCell.xib; path = "发现/GroupContentTableViewCell.xib"; sourceTree = "<group>"; };
		D9424BFA1CE814E300DC3B76 /* CreaterContentTableViewCell.h */ = {isa = PBXFileReference; fileEncoding = 4; lastKnownFileType = sourcecode.c.h; name = CreaterContentTableViewCell.h; path = "发现/CreaterContentTableViewCell.h"; sourceTree = "<group>"; };
		D9424BFB1CE814E300DC3B76 /* CreaterContentTableViewCell.m */ = {isa = PBXFileReference; fileEncoding = 4; lastKnownFileType = sourcecode.c.objc; name = CreaterContentTableViewCell.m; path = "发现/CreaterContentTableViewCell.m"; sourceTree = "<group>"; };
		D9424BFC1CE814E300DC3B76 /* CreaterContentTableViewCell.xib */ = {isa = PBXFileReference; fileEncoding = 4; lastKnownFileType = file.xib; name = CreaterContentTableViewCell.xib; path = "发现/CreaterContentTableViewCell.xib"; sourceTree = "<group>"; };
		D9424BFF1CE815ED00DC3B76 /* CreaterContentHeader.h */ = {isa = PBXFileReference; fileEncoding = 4; lastKnownFileType = sourcecode.c.h; path = CreaterContentHeader.h; sourceTree = "<group>"; };
		D9424C001CE815ED00DC3B76 /* CreaterContentHeader.m */ = {isa = PBXFileReference; fileEncoding = 4; lastKnownFileType = sourcecode.c.objc; path = CreaterContentHeader.m; sourceTree = "<group>"; };
		D9424C051CE8161300DC3B76 /* GroupHeader.h */ = {isa = PBXFileReference; fileEncoding = 4; lastKnownFileType = sourcecode.c.h; path = GroupHeader.h; sourceTree = "<group>"; };
		D9424C061CE8161300DC3B76 /* GroupHeader.m */ = {isa = PBXFileReference; fileEncoding = 4; lastKnownFileType = sourcecode.c.objc; path = GroupHeader.m; sourceTree = "<group>"; };
		D9424C081CE8162900DC3B76 /* GroupHeader.xib */ = {isa = PBXFileReference; fileEncoding = 4; lastKnownFileType = file.xib; path = GroupHeader.xib; sourceTree = "<group>"; };
		D9424C0A1CE8168300DC3B76 /* CreaterContentHeader.xib */ = {isa = PBXFileReference; fileEncoding = 4; lastKnownFileType = file.xib; path = CreaterContentHeader.xib; sourceTree = "<group>"; };
		D9524DF41CF198D4000A15E2 /* TopTableViewCell.h */ = {isa = PBXFileReference; fileEncoding = 4; lastKnownFileType = sourcecode.c.h; path = TopTableViewCell.h; sourceTree = "<group>"; };
		D9524DF51CF198D4000A15E2 /* TopTableViewCell.m */ = {isa = PBXFileReference; fileEncoding = 4; lastKnownFileType = sourcecode.c.objc; path = TopTableViewCell.m; sourceTree = "<group>"; };
		D9524DF61CF198D4000A15E2 /* TopTableViewCell.xib */ = {isa = PBXFileReference; fileEncoding = 4; lastKnownFileType = file.xib; path = TopTableViewCell.xib; sourceTree = "<group>"; };
		D9524DFE1CF1A561000A15E2 /* TypeTwoCollectionReusableView.h */ = {isa = PBXFileReference; fileEncoding = 4; lastKnownFileType = sourcecode.c.h; path = TypeTwoCollectionReusableView.h; sourceTree = "<group>"; };
		D9524DFF1CF1A561000A15E2 /* TypeTwoCollectionReusableView.m */ = {isa = PBXFileReference; fileEncoding = 4; lastKnownFileType = sourcecode.c.objc; path = TypeTwoCollectionReusableView.m; sourceTree = "<group>"; };
		D9524E001CF1A561000A15E2 /* TypeTwoCollectionReusableView.xib */ = {isa = PBXFileReference; fileEncoding = 4; lastKnownFileType = file.xib; path = TypeTwoCollectionReusableView.xib; sourceTree = "<group>"; };
		D9524E061CF1AE5A000A15E2 /* CubeDetailModel.h */ = {isa = PBXFileReference; fileEncoding = 4; lastKnownFileType = sourcecode.c.h; path = CubeDetailModel.h; sourceTree = "<group>"; };
		D9524E071CF1AE5A000A15E2 /* CubeDetailModel.m */ = {isa = PBXFileReference; fileEncoding = 4; lastKnownFileType = sourcecode.c.objc; path = CubeDetailModel.m; sourceTree = "<group>"; };
		D9610C861CEDF3CA00917597 /* HTTPRequest.h */ = {isa = PBXFileReference; fileEncoding = 4; lastKnownFileType = sourcecode.c.h; path = HTTPRequest.h; sourceTree = "<group>"; };
		D9610C871CEDF3CA00917597 /* HTTPRequest.m */ = {isa = PBXFileReference; fileEncoding = 4; lastKnownFileType = sourcecode.c.objc; path = HTTPRequest.m; sourceTree = "<group>"; };
		D9730B5C1CF339F800C8978E /* QFXTools.h */ = {isa = PBXFileReference; fileEncoding = 4; lastKnownFileType = sourcecode.c.h; path = QFXTools.h; sourceTree = "<group>"; };
		D9730B5D1CF339F800C8978E /* QFXTools.m */ = {isa = PBXFileReference; fileEncoding = 4; lastKnownFileType = sourcecode.c.objc; path = QFXTools.m; sourceTree = "<group>"; };
		D9871BAC1CE3608500953D54 /* FindCreatorListTableViewCell.h */ = {isa = PBXFileReference; fileEncoding = 4; lastKnownFileType = sourcecode.c.h; path = FindCreatorListTableViewCell.h; sourceTree = "<group>"; };
		D9871BAD1CE3608500953D54 /* FindCreatorListTableViewCell.m */ = {isa = PBXFileReference; fileEncoding = 4; lastKnownFileType = sourcecode.c.objc; path = FindCreatorListTableViewCell.m; sourceTree = "<group>"; };
		D9871BAE1CE3608500953D54 /* FindCreatorListTableViewCell.xib */ = {isa = PBXFileReference; fileEncoding = 4; lastKnownFileType = file.xib; path = FindCreatorListTableViewCell.xib; sourceTree = "<group>"; };
		D9871BB21CE5FF8400953D54 /* ShareButton.h */ = {isa = PBXFileReference; fileEncoding = 4; lastKnownFileType = sourcecode.c.h; path = ShareButton.h; sourceTree = "<group>"; };
		D9871BB31CE5FF8400953D54 /* ShareButton.m */ = {isa = PBXFileReference; fileEncoding = 4; lastKnownFileType = sourcecode.c.objc; path = ShareButton.m; sourceTree = "<group>"; };
		D9871BB51CE5FFA200953D54 /* ShareButton.xib */ = {isa = PBXFileReference; fileEncoding = 4; lastKnownFileType = file.xib; path = ShareButton.xib; sourceTree = "<group>"; };
		D9871BB81CE6137600953D54 /* CubeDetailViewController.h */ = {isa = PBXFileReference; fileEncoding = 4; lastKnownFileType = sourcecode.c.h; path = CubeDetailViewController.h; sourceTree = "<group>"; };
		D9871BB91CE6137600953D54 /* CubeDetailViewController.m */ = {isa = PBXFileReference; fileEncoding = 4; lastKnownFileType = sourcecode.c.objc; path = CubeDetailViewController.m; sourceTree = "<group>"; };
		D9A553391CEF35AB00BE44A5 /* ActivityModel.h */ = {isa = PBXFileReference; fileEncoding = 4; lastKnownFileType = sourcecode.c.h; path = ActivityModel.h; sourceTree = "<group>"; };
		D9A5533A1CEF35AB00BE44A5 /* ActivityModel.m */ = {isa = PBXFileReference; fileEncoding = 4; lastKnownFileType = sourcecode.c.objc; path = ActivityModel.m; sourceTree = "<group>"; };
		D9A5533F1CEFF01800BE44A5 /* SecondGroupinfo.h */ = {isa = PBXFileReference; fileEncoding = 4; lastKnownFileType = sourcecode.c.h; path = SecondGroupinfo.h; sourceTree = "<group>"; };
		D9A553401CEFF01800BE44A5 /* SecondGroupinfo.m */ = {isa = PBXFileReference; fileEncoding = 4; lastKnownFileType = sourcecode.c.objc; path = SecondGroupinfo.m; sourceTree = "<group>"; };
		D9A553451CEFF67100BE44A5 /* CubeModel.h */ = {isa = PBXFileReference; fileEncoding = 4; lastKnownFileType = sourcecode.c.h; path = CubeModel.h; sourceTree = "<group>"; };
		D9A553461CEFF67100BE44A5 /* CubeModel.m */ = {isa = PBXFileReference; fileEncoding = 4; lastKnownFileType = sourcecode.c.objc; path = CubeModel.m; sourceTree = "<group>"; };
		D9A553491CEFFC5600BE44A5 /* SpecialModel.h */ = {isa = PBXFileReference; fileEncoding = 4; lastKnownFileType = sourcecode.c.h; path = SpecialModel.h; sourceTree = "<group>"; };
		D9A5534A1CEFFC5600BE44A5 /* SpecialModel.m */ = {isa = PBXFileReference; fileEncoding = 4; lastKnownFileType = sourcecode.c.objc; path = SpecialModel.m; sourceTree = "<group>"; };
		D9A5534D1CF0901000BE44A5 /* HeaderCollectionReusableView.h */ = {isa = PBXFileReference; fileEncoding = 4; lastKnownFileType = sourcecode.c.h; path = HeaderCollectionReusableView.h; sourceTree = "<group>"; };
		D9A5534E1CF0901000BE44A5 /* HeaderCollectionReusableView.m */ = {isa = PBXFileReference; fileEncoding = 4; lastKnownFileType = sourcecode.c.objc; path = HeaderCollectionReusableView.m; sourceTree = "<group>"; };
		D9A5534F1CF0901000BE44A5 /* HeaderCollectionReusableView.xib */ = {isa = PBXFileReference; fileEncoding = 4; lastKnownFileType = file.xib; path = HeaderCollectionReusableView.xib; sourceTree = "<group>"; };
		D9A553541CF095C200BE44A5 /* LCViewPagerImageView.h */ = {isa = PBXFileReference; fileEncoding = 4; lastKnownFileType = sourcecode.c.h; path = LCViewPagerImageView.h; sourceTree = "<group>"; };
		D9A553551CF095C200BE44A5 /* LCViewPagerImageView.m */ = {isa = PBXFileReference; fileEncoding = 4; lastKnownFileType = sourcecode.c.objc; path = LCViewPagerImageView.m; sourceTree = "<group>"; };
		D9A553561CF095C200BE44A5 /* LCViewPagerView.h */ = {isa = PBXFileReference; fileEncoding = 4; lastKnownFileType = sourcecode.c.h; path = LCViewPagerView.h; sourceTree = "<group>"; };
		D9A553571CF095C200BE44A5 /* LCViewPagerView.m */ = {isa = PBXFileReference; fileEncoding = 4; lastKnownFileType = sourcecode.c.objc; path = LCViewPagerView.m; sourceTree = "<group>"; };
		D9B63B141CEC8B1D00C5F3A1 /* DirectoryListCell.h */ = {isa = PBXFileReference; fileEncoding = 4; lastKnownFileType = sourcecode.c.h; path = DirectoryListCell.h; sourceTree = "<group>"; };
		D9B63B151CEC8B1D00C5F3A1 /* DirectoryListCell.m */ = {isa = PBXFileReference; fileEncoding = 4; lastKnownFileType = sourcecode.c.objc; path = DirectoryListCell.m; sourceTree = "<group>"; };
		D9B63B161CEC8B1D00C5F3A1 /* DirectoryListCell.xib */ = {isa = PBXFileReference; fileEncoding = 4; lastKnownFileType = file.xib; path = DirectoryListCell.xib; sourceTree = "<group>"; };
		D9B63B241CECA12D00C5F3A1 /* CreatorListViewController.h */ = {isa = PBXFileReference; fileEncoding = 4; lastKnownFileType = sourcecode.c.h; path = CreatorListViewController.h; sourceTree = "<group>"; };
		D9B63B251CECA12D00C5F3A1 /* CreatorListViewController.m */ = {isa = PBXFileReference; fileEncoding = 4; lastKnownFileType = sourcecode.c.objc; path = CreatorListViewController.m; sourceTree = "<group>"; };
		D9B63B291CECA14D00C5F3A1 /* DirectoryListViewController.h */ = {isa = PBXFileReference; fileEncoding = 4; lastKnownFileType = sourcecode.c.h; path = DirectoryListViewController.h; sourceTree = "<group>"; };
		D9B63B2A1CECA14D00C5F3A1 /* DirectoryListViewController.m */ = {isa = PBXFileReference; fileEncoding = 4; lastKnownFileType = sourcecode.c.objc; path = DirectoryListViewController.m; sourceTree = "<group>"; };
		D9B63B2E1CECABCB00C5F3A1 /* CreatorModel.h */ = {isa = PBXFileReference; fileEncoding = 4; lastKnownFileType = sourcecode.c.h; path = CreatorModel.h; sourceTree = "<group>"; };
		D9B63B2F1CECABCB00C5F3A1 /* CreatorModel.m */ = {isa = PBXFileReference; fileEncoding = 4; lastKnownFileType = sourcecode.c.objc; path = CreatorModel.m; sourceTree = "<group>"; };
		D9BCC8B51CE20A080094CECB /* UIColor+HexColor.h */ = {isa = PBXFileReference; fileEncoding = 4; lastKnownFileType = sourcecode.c.h; path = "UIColor+HexColor.h"; sourceTree = "<group>"; };
		D9BCC8B61CE20A080094CECB /* UIColor+HexColor.m */ = {isa = PBXFileReference; fileEncoding = 4; lastKnownFileType = sourcecode.c.objc; path = "UIColor+HexColor.m"; sourceTree = "<group>"; };
		D9CCA2FF1CEB4B0D0024C2A9 /* JoinIn.h */ = {isa = PBXFileReference; fileEncoding = 4; lastKnownFileType = sourcecode.c.h; path = JoinIn.h; sourceTree = "<group>"; };
		D9CCA3001CEB4B0D0024C2A9 /* JoinIn.m */ = {isa = PBXFileReference; fileEncoding = 4; lastKnownFileType = sourcecode.c.objc; path = JoinIn.m; sourceTree = "<group>"; };
		D9CCA3021CEB4B2C0024C2A9 /* JoinIn.xib */ = {isa = PBXFileReference; fileEncoding = 4; lastKnownFileType = file.xib; path = JoinIn.xib; sourceTree = "<group>"; };
		D9CFBED01CE21F4B00DD775B /* QFXNavgationController.h */ = {isa = PBXFileReference; fileEncoding = 4; lastKnownFileType = sourcecode.c.h; path = QFXNavgationController.h; sourceTree = "<group>"; };
		D9CFBED11CE21F4B00DD775B /* QFXNavgationController.m */ = {isa = PBXFileReference; fileEncoding = 4; lastKnownFileType = sourcecode.c.objc; path = QFXNavgationController.m; sourceTree = "<group>"; };
		D9CFE3A01CF728EE0043FB35 /* MySegement.h */ = {isa = PBXFileReference; fileEncoding = 4; lastKnownFileType = sourcecode.c.h; path = MySegement.h; sourceTree = "<group>"; };
		D9CFE3A11CF728EE0043FB35 /* MySegement.m */ = {isa = PBXFileReference; fileEncoding = 4; lastKnownFileType = sourcecode.c.objc; path = MySegement.m; sourceTree = "<group>"; };
		D9CFE3A41CF843740043FB35 /* MyTableView.h */ = {isa = PBXFileReference; fileEncoding = 4; lastKnownFileType = sourcecode.c.h; path = MyTableView.h; sourceTree = "<group>"; };
		D9CFE3A51CF843740043FB35 /* MyTableView.m */ = {isa = PBXFileReference; fileEncoding = 4; lastKnownFileType = sourcecode.c.objc; path = MyTableView.m; sourceTree = "<group>"; };
		D9CFE3A81CF8475C0043FB35 /* DirectoryModel.h */ = {isa = PBXFileReference; fileEncoding = 4; lastKnownFileType = sourcecode.c.h; path = DirectoryModel.h; sourceTree = "<group>"; };
		D9CFE3A91CF8475C0043FB35 /* DirectoryModel.m */ = {isa = PBXFileReference; fileEncoding = 4; lastKnownFileType = sourcecode.c.objc; path = DirectoryModel.m; sourceTree = "<group>"; };
/* End PBXFileReference section */

/* Begin PBXFrameworksBuildPhase section */
		D90B2F881CDB4E2C00B762CF /* Frameworks */ = {
			isa = PBXFrameworksBuildPhase;
			buildActionMask = 2147483647;
			files = (
				961E53C661D7ACCFB600BA38 /* libPods.a in Frameworks */,
			);
			runOnlyForDeploymentPostprocessing = 0;
		};
/* End PBXFrameworksBuildPhase section */

/* Begin PBXGroup section */
		446209721CEB497600BF7F57 /* Models */ = {
			isa = PBXGroup;
			children = (
				44E9E2931CF8BDD7005439C1 /* QFXHomeDataModel.h */,
				44E9E2941CF8BDD7005439C1 /* QFXHomeDataModel.m */,
				44E9E2A81CF8CCEA005439C1 /* QFXHomeTeaModel.h */,
				44E9E2A91CF8CCEA005439C1 /* QFXHomeTeaModel.m */,
				44E9E2961CF8BEFA005439C1 /* QFXEntity_List.h */,
				44E9E2971CF8BEFA005439C1 /* QFXEntity_List.m */,
				44E9E29F1CF8C289005439C1 /* QFXHomeMeowModel.h */,
				44E9E2A01CF8C289005439C1 /* QFXHomeMeowModel.m */,
				44E9E2991CF8C12D005439C1 /* QFXHomeGroupModel.h */,
				44E9E29A1CF8C12D005439C1 /* QFXHomeGroupModel.m */,
				44E9E29C1CF8C1C7005439C1 /* QFXHomeThumbModel.h */,
				44E9E29D1CF8C1C7005439C1 /* QFXHomeThumbModel.m */,
				44E9E2A21CF8C357005439C1 /* QFXHomeUserModel.h */,
				44E9E2A31CF8C357005439C1 /* QFXHomeUserModel.m */,
				44E9E2A51CF8C3CA005439C1 /* QFXHomeCategoryModel.h */,
				44E9E2A61CF8C3CA005439C1 /* QFXHomeCategoryModel.m */,
			);
			path = Models;
			sourceTree = "<group>";
		};
		446209731CEB498A00BF7F57 /* Views */ = {
			isa = PBXGroup;
			children = (
				44B92F211CF89DA800869201 /* HomeHeaderView.h */,
				44B92F221CF89DA800869201 /* HomeHeaderView.m */,
				44B92F231CF89DA800869201 /* HomeHeaderView.xib */,
				44B92F241CF89DA800869201 /* HomeThemeButton.h */,
				44B92F251CF89DA800869201 /* HomeThemeButton.m */,
				44B92F261CF89DA800869201 /* QFXHomeTableViewCell.h */,
				44B92F271CF89DA800869201 /* QFXHomeTableViewCell.m */,
				44B92F281CF89DA800869201 /* QFXHomeTableViewCell.xib */,
			);
			path = Views;
			sourceTree = "<group>";
		};
		446209741CEB499800BF7F57 /* Controllers */ = {
			isa = PBXGroup;
			children = (
			);
			path = Controllers;
			sourceTree = "<group>";
		};
		447215A71CF05C430003D460 /* 视频 */ = {
			isa = PBXGroup;
			children = (
				447215A81CF05C430003D460 /* Controllers */,
				447215AC1CF05C430003D460 /* Models */,
				447215AF1CF05C430003D460 /* VIews */,
			);
			name = "视频";
			path = "Models/视频";
			sourceTree = "<group>";
		};
		447215A81CF05C430003D460 /* Controllers */ = {
			isa = PBXGroup;
			children = (
				44B92F0F1CF89D4200869201 /* QFXVideoViewController.h */,
				44B92F101CF89D4200869201 /* QFXVideoViewController.m */,
				44B92F111CF89D4200869201 /* QFXVideoViewController.xib */,
				44E9E2AB1CF8F2E0005439C1 /* QFXVideoDetailsViewController.h */,
				44E9E2AC1CF8F2E0005439C1 /* QFXVideoDetailsViewController.m */,
				44E9E2AD1CF8F2E0005439C1 /* QFXVideoDetailsViewController.xib */,
			);
			path = Controllers;
			sourceTree = "<group>";
		};
		447215AC1CF05C430003D460 /* Models */ = {
			isa = PBXGroup;
			children = (
				44B92F001CF89D1600869201 /* QFXVideoCategory.h */,
				44B92F011CF89D1600869201 /* QFXVideoCategory.m */,
				44B92F021CF89D1600869201 /* QFXVideoGroupModel.h */,
				44B92F031CF89D1600869201 /* QFXVideoGroupModel.m */,
				44B92F041CF89D1600869201 /* QFXVideoMeowsModel.h */,
				44B92F051CF89D1600869201 /* QFXVideoMeowsModel.m */,
				44B92F061CF89D1600869201 /* QFXVideoThumbModel.h */,
				44B92F071CF89D1600869201 /* QFXVideoThumbModel.m */,
				44B92F081CF89D1600869201 /* QFXVideoDataModel.h */,
				44B92F091CF89D1600869201 /* QFXVideoDataModel.m */,
			);
			path = Models;
			sourceTree = "<group>";
		};
		447215AF1CF05C430003D460 /* VIews */ = {
			isa = PBXGroup;
			children = (
				44B92EFB1CF89CF300869201 /* QFXVideoTableViewCell.h */,
				44B92EFC1CF89CF300869201 /* QFXVideoTableViewCell.m */,
				44B92EFD1CF89CF300869201 /* QFXVideoTableViewCell.xib */,
			);
			path = VIews;
			sourceTree = "<group>";
		};
		447215B81CF05FA20003D460 /* Controllers */ = {
			isa = PBXGroup;
			children = (
			);
			path = Controllers;
			sourceTree = "<group>";
		};
		447215B91CF05FA20003D460 /* Models */ = {
			isa = PBXGroup;
			children = (
				447215BA1CF05FA20003D460 /* SettingMessage.h */,
				447215BB1CF05FA20003D460 /* SettingMessage.m */,
			);
			path = Models;
			sourceTree = "<group>";
		};
		447215BC1CF05FA20003D460 /* Views */ = {
			isa = PBXGroup;
			children = (
				447215BD1CF05FA20003D460 /* MineHeaderView.h */,
				447215BE1CF05FA20003D460 /* MineHeaderView.m */,
				447215BF1CF05FA20003D460 /* MineHeaderView.xib */,
				447215C01CF05FA20003D460 /* QFXMineTableViewCell.h */,
				447215C11CF05FA20003D460 /* QFXMineTableViewCell.m */,
				447215C21CF05FA20003D460 /* QFXMineTableViewCell.xib */,
			);
			path = Views;
			sourceTree = "<group>";
		};
		448756021CEB48EF000BE61D /* 数据库 */ = {
			isa = PBXGroup;
			children = (
				448756031CEB48EF000BE61D /* QFXStatusCacheTool.h */,
				448756041CEB48EF000BE61D /* QFXStatusCacheTool.m */,
			);
			path = "数据库";
			sourceTree = "<group>";
		};
		822A3F16FD835B35AE24FDB4 /* Frameworks */ = {
			isa = PBXGroup;
			children = (
				406DE60B564A7A8F61973FAE /* libPods.a */,
			);
			name = Frameworks;
			sourceTree = "<group>";
		};
		8E1DF823A746BAD98C55E829 /* Pods */ = {
			isa = PBXGroup;
			children = (
				9F8B2F5898E6E255BB1C5CAA /* Pods.debug.xcconfig */,
				25330BC64C74FC8276B42F12 /* Pods.release.xcconfig */,
			);
			name = Pods;
			sourceTree = "<group>";
		};
		D90B2F821CDB4E2C00B762CF = {
			isa = PBXGroup;
			children = (
				D90B2F8D1CDB4E2C00B762CF /* QuFaXian */,
				D9A553521CF0957800BE44A5 /* 自定义view */,
				448756021CEB48EF000BE61D /* 数据库 */,
				D9BCC7D11CE209E30094CECB /* Import */,
				D90B2FF61CDC774300B762CF /* Cell */,
				D90B2FF51CDC773B00B762CF /* Model */,
				D90B2FBC1CDC3A8100B762CF /* ViewControllersss */,
				D90B2FB81CDB51AD00B762CF /* 类别 */,
				D90B2FAA1CDB4F1900B762CF /* WebRequest */,
				D90B2FA91CDB4F0100B762CF /* 工具类 */,
				D90B2FA81CDB4EE900B762CF /* 自定义TabBar */,
				D90B2FA51CDB4E5100B762CF /* 自定义Nav和VC */,
				D90B2F8C1CDB4E2C00B762CF /* Products */,
				8E1DF823A746BAD98C55E829 /* Pods */,
				822A3F16FD835B35AE24FDB4 /* Frameworks */,
			);
			sourceTree = "<group>";
		};
		D90B2F8C1CDB4E2C00B762CF /* Products */ = {
			isa = PBXGroup;
			children = (
				D90B2F8B1CDB4E2C00B762CF /* QuFaXian.app */,
			);
			name = Products;
			sourceTree = "<group>";
		};
		D90B2F8D1CDB4E2C00B762CF /* QuFaXian */ = {
			isa = PBXGroup;
			children = (
				D90B2F911CDB4E2C00B762CF /* AppDelegate.h */,
				D90B2F921CDB4E2C00B762CF /* AppDelegate.m */,
				D90B2F941CDB4E2C00B762CF /* ViewController.h */,
				D90B2F951CDB4E2C00B762CF /* ViewController.m */,
				D90B2F971CDB4E2C00B762CF /* Main.storyboard */,
				D90B2F9A1CDB4E2C00B762CF /* Assets.xcassets */,
				D90B2F9C1CDB4E2C00B762CF /* LaunchScreen.storyboard */,
				D90B2F9F1CDB4E2C00B762CF /* Info.plist */,
				D90B2F8E1CDB4E2C00B762CF /* Supporting Files */,
			);
			path = QuFaXian;
			sourceTree = "<group>";
		};
		D90B2F8E1CDB4E2C00B762CF /* Supporting Files */ = {
			isa = PBXGroup;
			children = (
				447215C81CF0607C0003D460 /* settingMessage.plist */,
				D90B2F8F1CDB4E2C00B762CF /* main.m */,
			);
			name = "Supporting Files";
			sourceTree = "<group>";
		};
		D90B2FA51CDB4E5100B762CF /* 自定义Nav和VC */ = {
			isa = PBXGroup;
			children = (
				D90B2FA71CDB4EB700B762CF /* VC */,
				D90B2FA61CDB4EAC00B762CF /* Nav */,
			);
			name = "自定义Nav和VC";
			path = "QuFaXian/自定义Nav和VC";
			sourceTree = "<group>";
		};
		D90B2FA61CDB4EAC00B762CF /* Nav */ = {
			isa = PBXGroup;
			children = (
				D9CFBED01CE21F4B00DD775B /* QFXNavgationController.h */,
				D9CFBED11CE21F4B00DD775B /* QFXNavgationController.m */,
			);
			path = Nav;
			sourceTree = "<group>";
		};
		D90B2FA71CDB4EB700B762CF /* VC */ = {
			isa = PBXGroup;
			children = (
				D90B2FAE1CDB4FAC00B762CF /* QFXCustomViewController.h */,
				D90B2FAF1CDB4FAC00B762CF /* QFXCustomViewController.m */,
			);
			path = VC;
			sourceTree = "<group>";
		};
		D90B2FA81CDB4EE900B762CF /* 自定义TabBar */ = {
			isa = PBXGroup;
			children = (
				D90B2FC81CDC461900B762CF /* QFXTabBarController.h */,
				D90B2FC91CDC461900B762CF /* QFXTabBarController.m */,
				D90B2FCB1CDC463300B762CF /* QFXTabBar.h */,
				D90B2FCC1CDC463300B762CF /* QFXTabBar.m */,
			);
			name = "自定义TabBar";
			path = "QuFaXian/自定义TabBar";
			sourceTree = "<group>";
		};
		D90B2FA91CDB4F0100B762CF /* 工具类 */ = {
			isa = PBXGroup;
			children = (
				D9730B5C1CF339F800C8978E /* QFXTools.h */,
				D9730B5D1CF339F800C8978E /* QFXTools.m */,
			);
			name = "工具类";
			path = "QuFaXian/工具类";
			sourceTree = "<group>";
		};
		D90B2FAA1CDB4F1900B762CF /* WebRequest */ = {
			isa = PBXGroup;
			children = (
				D9610C861CEDF3CA00917597 /* HTTPRequest.h */,
				D9610C871CEDF3CA00917597 /* HTTPRequest.m */,
			);
			name = WebRequest;
			path = QuFaXian/WebRequest;
			sourceTree = "<group>";
		};
		D90B2FB81CDB51AD00B762CF /* 类别 */ = {
			isa = PBXGroup;
			children = (
				D90B2FC31CDC42C500B762CF /* NavController */,
				D90B2FC21CDC406300B762CF /* Storyboard */,
				D90B2FC11CDC405700B762CF /* BarButtonItem */,
			);
			name = "类别";
			path = QuFaXian/Category;
			sourceTree = "<group>";
		};
		D90B2FBC1CDC3A8100B762CF /* ViewControllersss */ = {
			isa = PBXGroup;
			children = (
				D90B2FDF1CDC730700B762CF /* 我的 */,
				D90B2FDE1CDC72FF00B762CF /* 动态 */,
				D90B2FDD1CDC72FA00B762CF /* 发现 */,
				D90B2FDC1CDC72F200B762CF /* 首页 */,
				D90B2FBD1CDC3AF900B762CF /* 搜索 */,
			);
			name = ViewControllersss;
			path = QuFaXian/ViewControllersss;
			sourceTree = "<group>";
		};
		D90B2FBD1CDC3AF900B762CF /* 搜索 */ = {
			isa = PBXGroup;
			children = (
				D90B2FF01CDC772800B762CF /* SearchViewController.h */,
				D90B2FF11CDC772800B762CF /* SearchViewController.m */,
				D90B2FF21CDC772800B762CF /* SearchViewController.xib */,
			);
			name = "搜索";
			path = Search;
			sourceTree = "<group>";
		};
		D90B2FC11CDC405700B762CF /* BarButtonItem */ = {
			isa = PBXGroup;
			children = (
				D90B2FB91CDB51E400B762CF /* UIBarButtonItem+InitType.h */,
				D90B2FBA1CDB51E400B762CF /* UIBarButtonItem+InitType.m */,
			);
			name = BarButtonItem;
			sourceTree = "<group>";
		};
		D90B2FC21CDC406300B762CF /* Storyboard */ = {
			isa = PBXGroup;
			children = (
				D90B2FBE1CDC405100B762CF /* UIStoryboard+NavPopToVC.h */,
				D90B2FBF1CDC405100B762CF /* UIStoryboard+NavPopToVC.m */,
			);
			name = Storyboard;
			sourceTree = "<group>";
		};
		D90B2FC31CDC42C500B762CF /* NavController */ = {
			isa = PBXGroup;
			children = (
				D90B2FC51CDC430200B762CF /* UINavigationController+Pop.h */,
				D90B2FC61CDC430200B762CF /* UINavigationController+Pop.m */,
			);
			name = NavController;
			sourceTree = "<group>";
		};
		D90B2FDC1CDC72F200B762CF /* 首页 */ = {
			isa = PBXGroup;
			children = (
				44B92F2E1CF89DFC00869201 /* HomeViewController.h */,
				44B92F2F1CF89DFC00869201 /* HomeViewController.m */,
				44B92F301CF89DFC00869201 /* HomeViewController.xib */,
				446209741CEB499800BF7F57 /* Controllers */,
				446209731CEB498A00BF7F57 /* Views */,
				446209721CEB497600BF7F57 /* Models */,
				447215A71CF05C430003D460 /* 视频 */,
			);
			name = "首页";
			path = Find;
			sourceTree = "<group>";
		};
		D90B2FDD1CDC72FA00B762CF /* 发现 */ = {
			isa = PBXGroup;
			children = (
				D9424BCD1CE8059D00DC3B76 /* share弹出的buttonVC */,
				D9B63B231CECA10300C5F3A1 /* 造物主&目录list */,
				D9871BB71CE6132B00953D54 /* Cube点进去的vc */,
				D90B2FF71CDC7AA200B762CF /* FindViewController.h */,
				D90B2FF81CDC7AA200B762CF /* FindViewController.m */,
			);
			name = "发现";
			path = Find;
			sourceTree = "<group>";
		};
		D90B2FDE1CDC72FF00B762CF /* 动态 */ = {
			isa = PBXGroup;
			children = (
				D90B2FE51CDC76FF00B762CF /* DynamicViewController.h */,
				D90B2FE61CDC76FF00B762CF /* DynamicViewController.m */,
				D90B2FE71CDC76FF00B762CF /* DynamicViewController.xib */,
			);
			name = "动态";
			path = Dynamic;
			sourceTree = "<group>";
		};
		D90B2FDF1CDC730700B762CF /* 我的 */ = {
			isa = PBXGroup;
			children = (
				D90B2FE01CDC76E400B762CF /* MineViewController.h */,
				D90B2FE11CDC76E400B762CF /* MineViewController.m */,
				D90B2FE21CDC76E400B762CF /* MineViewController.xib */,
				447215B81CF05FA20003D460 /* Controllers */,
				447215B91CF05FA20003D460 /* Models */,
				447215BC1CF05FA20003D460 /* Views */,
			);
			name = "我的";
			path = Mine;
			sourceTree = "<group>";
		};
		D90B2FF51CDC773B00B762CF /* Model */ = {
			isa = PBXGroup;
			children = (
				D9356B3E1CF15E7C0001D79C /* 发现 */,
			);
			name = Model;
			path = QuFaXian/Model;
			sourceTree = "<group>";
		};
		D90B2FF61CDC774300B762CF /* Cell */ = {
			isa = PBXGroup;
			children = (
				D93A42D01CE34D14000B359B /* 发现 */,
			);
			name = Cell;
			path = QuFaXian/Cell;
			sourceTree = "<group>";
		};
		D9356B3E1CF15E7C0001D79C /* 发现 */ = {
			isa = PBXGroup;
			children = (
				D9524E041CF1AE2F000A15E2 /* Cube点击进去的 */,
				D9356B3F1CF15E830001D79C /* Banner */,
				D9A553381CEF356C00BE44A5 /* 发现首页 */,
				D9B63B2D1CECAB7600C5F3A1 /* 目录 */,
				D9B63B2C1CECAB6500C5F3A1 /* 造物主 */,
			);
			name = "发现";
			sourceTree = "<group>";
		};
		D9356B3F1CF15E830001D79C /* Banner */ = {
			isa = PBXGroup;
			children = (
				D9356B411CF15E9F0001D79C /* BannerModel.h */,
				D9356B421CF15E9F0001D79C /* BannerModel.m */,
			);
			name = Banner;
			sourceTree = "<group>";
		};
		D93A42D01CE34D14000B359B /* 发现 */ = {
			isa = PBXGroup;
			children = (
				D9524DF91CF1A38C000A15E2 /* MeowTypeCell */,
				D9424BD31CE8118E00DC3B76 /* Cube点进去的详情Header */,
				D9B63B0D1CEC8AAC00C5F3A1 /* 目录列表cell */,
				D9A5534C1CF08FAF00BE44A5 /* 发现header */,
				D9871BAB1CE3602C00953D54 /* 造物主列表cell */,
				D93A42D71CE350AC000B359B /* 发现界面footerCell */,
				D93A42D11CE34D28000B359B /* 发现界面小方块cell */,
			);
			path = "发现";
			sourceTree = "<group>";
		};
		D93A42D11CE34D28000B359B /* 发现界面小方块cell */ = {
			isa = PBXGroup;
			children = (
				D93A42D21CE34D7E000B359B /* FindCubeCollectionViewCell.h */,
				D93A42D31CE34D7E000B359B /* FindCubeCollectionViewCell.m */,
				D93A42D41CE34D7E000B359B /* FindCubeCollectionViewCell.xib */,
			);
			name = "发现界面小方块cell";
			sourceTree = "<group>";
		};
		D93A42D71CE350AC000B359B /* 发现界面footerCell */ = {
			isa = PBXGroup;
			children = (
				D9424BC71CE72DBD00DC3B76 /* 专题 */,
				D9424BC61CE72DAE00DC3B76 /* 线上活动 */,
			);
			name = "发现界面footerCell";
			sourceTree = "<group>";
		};
		D9424BC61CE72DAE00DC3B76 /* 线上活动 */ = {
			isa = PBXGroup;
			children = (
				D93A42D81CE35248000B359B /* FooterCollectionReusableView.h */,
				D93A42D91CE35248000B359B /* FooterCollectionReusableView.m */,
				D93A42DA1CE35248000B359B /* FooterCollectionReusableView.xib */,
			);
			name = "线上活动";
			sourceTree = "<group>";
		};
		D9424BC71CE72DBD00DC3B76 /* 专题 */ = {
			isa = PBXGroup;
			children = (
				D9424BC81CE72E2C00DC3B76 /* TopicsFooterCollectionReusableView.h */,
				D9424BC91CE72E2C00DC3B76 /* TopicsFooterCollectionReusableView.m */,
				D9424BCA1CE72E2C00DC3B76 /* TopicsFooterCollectionReusableView.xib */,
			);
			name = "专题";
			sourceTree = "<group>";
		};
		D9424BCD1CE8059D00DC3B76 /* share弹出的buttonVC */ = {
			isa = PBXGroup;
			children = (
				D9424BCE1CE8060900DC3B76 /* ShareButtonViewController.h */,
				D9424BCF1CE8060900DC3B76 /* ShareButtonViewController.m */,
			);
			name = "share弹出的buttonVC";
			path = ../../Cell;
			sourceTree = "<group>";
		};
		D9424BD31CE8118E00DC3B76 /* Cube点进去的详情Header */ = {
			isa = PBXGroup;
			children = (
				D9424BD71CE8124D00DC3B76 /* 小组 */,
				D9424BD61CE8124700DC3B76 /* 造物主 */,
				D9424BD51CE8123B00DC3B76 /* 内容站 */,
			);
			name = "Cube点进去的详情Header";
			sourceTree = "<group>";
		};
		D9424BD51CE8123B00DC3B76 /* 内容站 */ = {
			isa = PBXGroup;
			children = (
				D9524DF31CF198B8000A15E2 /* 置顶cell */,
			);
			name = "内容站";
			sourceTree = "<group>";
		};
		D9424BD61CE8124700DC3B76 /* 造物主 */ = {
			isa = PBXGroup;
			children = (
				D9424BDA1CE8137500DC3B76 /* Header */,
			);
			name = "造物主";
			sourceTree = "<group>";
		};
		D9424BD71CE8124D00DC3B76 /* 小组 */ = {
			isa = PBXGroup;
			children = (
				D9424BD81CE8134F00DC3B76 /* Header */,
			);
			name = "小组";
			sourceTree = "<group>";
		};
		D9424BD81CE8134F00DC3B76 /* Header */ = {
			isa = PBXGroup;
			children = (
				D9424C051CE8161300DC3B76 /* GroupHeader.h */,
				D9424C061CE8161300DC3B76 /* GroupHeader.m */,
				D9424C081CE8162900DC3B76 /* GroupHeader.xib */,
			);
			name = Header;
			sourceTree = "<group>";
		};
		D9424BDA1CE8137500DC3B76 /* Header */ = {
			isa = PBXGroup;
			children = (
				D9424BFF1CE815ED00DC3B76 /* CreaterContentHeader.h */,
				D9424C001CE815ED00DC3B76 /* CreaterContentHeader.m */,
				D9424C0A1CE8168300DC3B76 /* CreaterContentHeader.xib */,
			);
			name = Header;
			sourceTree = "<group>";
		};
		D9424BDD1CE8137D00DC3B76 /* 9 */ = {
			isa = PBXGroup;
			children = (
				D9424BF01CE814A700DC3B76 /* ContentsStateTableViewCell.h */,
				D9424BF11CE814A700DC3B76 /* ContentsStateTableViewCell.m */,
				D9424BF21CE814A700DC3B76 /* ContentsStateTableViewCell.xib */,
			);
			name = 9;
			path = "发现";
			sourceTree = "<group>";
		};
		D9524DF31CF198B8000A15E2 /* 置顶cell */ = {
			isa = PBXGroup;
			children = (
				D9524DF41CF198D4000A15E2 /* TopTableViewCell.h */,
				D9524DF51CF198D4000A15E2 /* TopTableViewCell.m */,
				D9524DF61CF198D4000A15E2 /* TopTableViewCell.xib */,
			);
			name = "置顶cell";
			sourceTree = "<group>";
		};
		D9524DF91CF1A38C000A15E2 /* MeowTypeCell */ = {
			isa = PBXGroup;
			children = (
				D9524E031CF1ADEA000A15E2 /* 3 */,
				D9524DFD1CF1A539000A15E2 /* 2 */,
				D9524DFC1CF1A4B6000A15E2 /* 4 */,
				D9424BDD1CE8137D00DC3B76 /* 9 */,
			);
			name = MeowTypeCell;
			path = ..;
			sourceTree = "<group>";
		};
		D9524DFC1CF1A4B6000A15E2 /* 4 */ = {
			isa = PBXGroup;
			children = (
				D9424BFA1CE814E300DC3B76 /* CreaterContentTableViewCell.h */,
				D9424BFB1CE814E300DC3B76 /* CreaterContentTableViewCell.m */,
				D9424BFC1CE814E300DC3B76 /* CreaterContentTableViewCell.xib */,
			);
			name = 4;
			sourceTree = "<group>";
		};
		D9524DFD1CF1A539000A15E2 /* 2 */ = {
			isa = PBXGroup;
			children = (
				D9524DFE1CF1A561000A15E2 /* TypeTwoCollectionReusableView.h */,
				D9524DFF1CF1A561000A15E2 /* TypeTwoCollectionReusableView.m */,
				D9524E001CF1A561000A15E2 /* TypeTwoCollectionReusableView.xib */,
			);
			name = 2;
			sourceTree = "<group>";
		};
		D9524E031CF1ADEA000A15E2 /* 3 */ = {
			isa = PBXGroup;
			children = (
				D9424BF51CE814CF00DC3B76 /* GroupContentTableViewCell.h */,
				D9424BF61CE814CF00DC3B76 /* GroupContentTableViewCell.m */,
				D9424BF71CE814CF00DC3B76 /* GroupContentTableViewCell.xib */,
			);
			name = 3;
			sourceTree = "<group>";
		};
		D9524E041CF1AE2F000A15E2 /* Cube点击进去的 */ = {
			isa = PBXGroup;
			children = (
				D9524E061CF1AE5A000A15E2 /* CubeDetailModel.h */,
				D9524E071CF1AE5A000A15E2 /* CubeDetailModel.m */,
			);
			name = "Cube点击进去的";
			sourceTree = "<group>";
		};
		D9871BAB1CE3602C00953D54 /* 造物主列表cell */ = {
			isa = PBXGroup;
			children = (
				D9871BAC1CE3608500953D54 /* FindCreatorListTableViewCell.h */,
				D9871BAD1CE3608500953D54 /* FindCreatorListTableViewCell.m */,
				D9871BAE1CE3608500953D54 /* FindCreatorListTableViewCell.xib */,
			);
			name = "造物主列表cell";
			sourceTree = "<group>";
		};
		D9871BB11CE5FEDB00953D54 /* 分享 */ = {
			isa = PBXGroup;
			children = (
				D9871BB21CE5FF8400953D54 /* ShareButton.h */,
				D9871BB31CE5FF8400953D54 /* ShareButton.m */,
				D9871BB51CE5FFA200953D54 /* ShareButton.xib */,
			);
			name = "分享";
			path = ../Cell;
			sourceTree = "<group>";
		};
		D9871BB71CE6132B00953D54 /* Cube点进去的vc */ = {
			isa = PBXGroup;
			children = (
				D9871BB81CE6137600953D54 /* CubeDetailViewController.h */,
				D9871BB91CE6137600953D54 /* CubeDetailViewController.m */,
			);
			path = "Cube点进去的vc";
			sourceTree = "<group>";
		};
		D9A553381CEF356C00BE44A5 /* 发现首页 */ = {
			isa = PBXGroup;
			children = (
				D9A553441CEFF47200BE44A5 /* CollectionViewcell */,
				D9A553431CEFF46B00BE44A5 /* 专题footer */,
				D9A553421CEFF45C00BE44A5 /* 线上活动footer */,
			);
			name = "发现首页";
			sourceTree = "<group>";
		};
		D9A553421CEFF45C00BE44A5 /* 线上活动footer */ = {
			isa = PBXGroup;
			children = (
				D9A553391CEF35AB00BE44A5 /* ActivityModel.h */,
				D9A5533A1CEF35AB00BE44A5 /* ActivityModel.m */,
				D9A5533F1CEFF01800BE44A5 /* SecondGroupinfo.h */,
				D9A553401CEFF01800BE44A5 /* SecondGroupinfo.m */,
			);
			name = "线上活动footer";
			sourceTree = "<group>";
		};
		D9A553431CEFF46B00BE44A5 /* 专题footer */ = {
			isa = PBXGroup;
			children = (
				D9A553491CEFFC5600BE44A5 /* SpecialModel.h */,
				D9A5534A1CEFFC5600BE44A5 /* SpecialModel.m */,
			);
			name = "专题footer";
			sourceTree = "<group>";
		};
		D9A553441CEFF47200BE44A5 /* CollectionViewcell */ = {
			isa = PBXGroup;
			children = (
				D9A553451CEFF67100BE44A5 /* CubeModel.h */,
				D9A553461CEFF67100BE44A5 /* CubeModel.m */,
			);
			name = CollectionViewcell;
			sourceTree = "<group>";
		};
		D9A5534C1CF08FAF00BE44A5 /* 发现header */ = {
			isa = PBXGroup;
			children = (
				D9A5534D1CF0901000BE44A5 /* HeaderCollectionReusableView.h */,
				D9A5534E1CF0901000BE44A5 /* HeaderCollectionReusableView.m */,
				D9A5534F1CF0901000BE44A5 /* HeaderCollectionReusableView.xib */,
			);
			name = "发现header";
			sourceTree = "<group>";
		};
		D9A553521CF0957800BE44A5 /* 自定义view */ = {
			isa = PBXGroup;
			children = (
				D9CFE3A31CF8432E0043FB35 /* MyTableView */,
				D9CFE39F1CF728BB0043FB35 /* MySegment */,
				D9CCA2FE1CEB4AE00024C2A9 /* 加入view */,
				D9871BB11CE5FEDB00953D54 /* 分享 */,
				D9A553531CF095C200BE44A5 /* LCViewPager */,
			);
			name = "自定义view";
			path = QuFaXian/View;
			sourceTree = "<group>";
		};
		D9A553531CF095C200BE44A5 /* LCViewPager */ = {
			isa = PBXGroup;
			children = (
				D9A553541CF095C200BE44A5 /* LCViewPagerImageView.h */,
				D9A553551CF095C200BE44A5 /* LCViewPagerImageView.m */,
				D9A553561CF095C200BE44A5 /* LCViewPagerView.h */,
				D9A553571CF095C200BE44A5 /* LCViewPagerView.m */,
			);
			path = LCViewPager;
			sourceTree = "<group>";
		};
		D9B63B0D1CEC8AAC00C5F3A1 /* 目录列表cell */ = {
			isa = PBXGroup;
			children = (
				D9B63B141CEC8B1D00C5F3A1 /* DirectoryListCell.h */,
				D9B63B151CEC8B1D00C5F3A1 /* DirectoryListCell.m */,
				D9B63B161CEC8B1D00C5F3A1 /* DirectoryListCell.xib */,
			);
			name = "目录列表cell";
			path = ..;
			sourceTree = "<group>";
		};
		D9B63B231CECA10300C5F3A1 /* 造物主&目录list */ = {
			isa = PBXGroup;
			children = (
				D9B63B241CECA12D00C5F3A1 /* CreatorListViewController.h */,
				D9B63B251CECA12D00C5F3A1 /* CreatorListViewController.m */,
				D9B63B291CECA14D00C5F3A1 /* DirectoryListViewController.h */,
				D9B63B2A1CECA14D00C5F3A1 /* DirectoryListViewController.m */,
			);
			name = "造物主&目录list";
			sourceTree = "<group>";
		};
		D9B63B2C1CECAB6500C5F3A1 /* 造物主 */ = {
			isa = PBXGroup;
			children = (
				D9B63B2E1CECABCB00C5F3A1 /* CreatorModel.h */,
				D9B63B2F1CECABCB00C5F3A1 /* CreatorModel.m */,
			);
			name = "造物主";
			sourceTree = "<group>";
		};
		D9B63B2D1CECAB7600C5F3A1 /* 目录 */ = {
			isa = PBXGroup;
			children = (
				D9CFE3A81CF8475C0043FB35 /* DirectoryModel.h */,
				D9CFE3A91CF8475C0043FB35 /* DirectoryModel.m */,
			);
			name = "目录";
			sourceTree = "<group>";
		};
		D9BCC7D11CE209E30094CECB /* Import */ = {
			isa = PBXGroup;
			children = (
				D9BCC8B41CE20A080094CECB /* UIColor */,
			);
			name = Import;
			path = QuFaXian/Import;
			sourceTree = "<group>";
		};
		D9BCC8B41CE20A080094CECB /* UIColor */ = {
			isa = PBXGroup;
			children = (
				D9BCC8B51CE20A080094CECB /* UIColor+HexColor.h */,
				D9BCC8B61CE20A080094CECB /* UIColor+HexColor.m */,
			);
			path = UIColor;
			sourceTree = "<group>";
		};
		D9CCA2FE1CEB4AE00024C2A9 /* 加入view */ = {
			isa = PBXGroup;
			children = (
				D9CCA2FF1CEB4B0D0024C2A9 /* JoinIn.h */,
				D9CCA3001CEB4B0D0024C2A9 /* JoinIn.m */,
				D9CCA3021CEB4B2C0024C2A9 /* JoinIn.xib */,
			);
			name = "加入view";
			path = ../Cell;
			sourceTree = "<group>";
		};
		D9CFE39F1CF728BB0043FB35 /* MySegment */ = {
			isa = PBXGroup;
			children = (
				D9CFE3A01CF728EE0043FB35 /* MySegement.h */,
				D9CFE3A11CF728EE0043FB35 /* MySegement.m */,
			);
			path = MySegment;
			sourceTree = "<group>";
		};
		D9CFE3A31CF8432E0043FB35 /* MyTableView */ = {
			isa = PBXGroup;
			children = (
				D9CFE3A41CF843740043FB35 /* MyTableView.h */,
				D9CFE3A51CF843740043FB35 /* MyTableView.m */,
			);
			name = MyTableView;
			sourceTree = "<group>";
		};
/* End PBXGroup section */

/* Begin PBXNativeTarget section */
		D90B2F8A1CDB4E2C00B762CF /* QuFaXian */ = {
			isa = PBXNativeTarget;
			buildConfigurationList = D90B2FA21CDB4E2C00B762CF /* Build configuration list for PBXNativeTarget "QuFaXian" */;
			buildPhases = (
				34C4259DC1B5D2B54B6A35EA /* Check Pods Manifest.lock */,
				D90B2F871CDB4E2C00B762CF /* Sources */,
				D90B2F881CDB4E2C00B762CF /* Frameworks */,
				D90B2F891CDB4E2C00B762CF /* Resources */,
				2931A48CC985D55F85F4B97E /* Embed Pods Frameworks */,
				5A89EBE003BBDDBF3042E161 /* Copy Pods Resources */,
			);
			buildRules = (
			);
			dependencies = (
			);
			name = QuFaXian;
			productName = QuFaXian;
			productReference = D90B2F8B1CDB4E2C00B762CF /* QuFaXian.app */;
			productType = "com.apple.product-type.application";
		};
/* End PBXNativeTarget section */

/* Begin PBXProject section */
		D90B2F831CDB4E2C00B762CF /* Project object */ = {
			isa = PBXProject;
			attributes = {
				LastUpgradeCheck = 0730;
				ORGANIZATIONNAME = Sugar;
				TargetAttributes = {
					D90B2F8A1CDB4E2C00B762CF = {
						CreatedOnToolsVersion = 7.3;
						DevelopmentTeam = UK2GY2YU7T;
					};
				};
			};
			buildConfigurationList = D90B2F861CDB4E2C00B762CF /* Build configuration list for PBXProject "QuFaXian" */;
			compatibilityVersion = "Xcode 3.2";
			developmentRegion = English;
			hasScannedForEncodings = 0;
			knownRegions = (
				en,
				Base,
			);
			mainGroup = D90B2F821CDB4E2C00B762CF;
			productRefGroup = D90B2F8C1CDB4E2C00B762CF /* Products */;
			projectDirPath = "";
			projectRoot = "";
			targets = (
				D90B2F8A1CDB4E2C00B762CF /* QuFaXian */,
			);
		};
/* End PBXProject section */

/* Begin PBXResourcesBuildPhase section */
		D90B2F891CDB4E2C00B762CF /* Resources */ = {
			isa = PBXResourcesBuildPhase;
			buildActionMask = 2147483647;
			files = (
				D9A553511CF0901000BE44A5 /* HeaderCollectionReusableView.xib in Resources */,
				D90B2F9E1CDB4E2C00B762CF /* LaunchScreen.storyboard in Resources */,
				D90B2F9B1CDB4E2C00B762CF /* Assets.xcassets in Resources */,
				44B92F131CF89D4200869201 /* QFXVideoViewController.xib in Resources */,
				D90B2FE91CDC76FF00B762CF /* DynamicViewController.xib in Resources */,
				D9871BB01CE3608500953D54 /* FindCreatorListTableViewCell.xib in Resources */,
				D9424C0B1CE8168300DC3B76 /* CreaterContentHeader.xib in Resources */,
				D90B2F991CDB4E2C00B762CF /* Main.storyboard in Resources */,
				D9B63B181CEC8B1D00C5F3A1 /* DirectoryListCell.xib in Resources */,
				447215C71CF05FA20003D460 /* QFXMineTableViewCell.xib in Resources */,
				D9424BFE1CE814E300DC3B76 /* CreaterContentTableViewCell.xib in Resources */,
				D9424BF41CE814A700DC3B76 /* ContentsStateTableViewCell.xib in Resources */,
				D9424BCC1CE72E2C00DC3B76 /* TopicsFooterCollectionReusableView.xib in Resources */,
				D90B2FE41CDC76E400B762CF /* MineViewController.xib in Resources */,
				447215C91CF0607C0003D460 /* settingMessage.plist in Resources */,
				D9424BF91CE814CF00DC3B76 /* GroupContentTableViewCell.xib in Resources */,
				44B92F2D1CF89DA800869201 /* QFXHomeTableViewCell.xib in Resources */,
				44B92EFF1CF89CF300869201 /* QFXVideoTableViewCell.xib in Resources */,
				D9524E021CF1A561000A15E2 /* TypeTwoCollectionReusableView.xib in Resources */,
				447215C51CF05FA20003D460 /* MineHeaderView.xib in Resources */,
				44B92F321CF89DFC00869201 /* HomeViewController.xib in Resources */,
				D93A42DC1CE35248000B359B /* FooterCollectionReusableView.xib in Resources */,
				D9424C091CE8162900DC3B76 /* GroupHeader.xib in Resources */,
				D9CCA3031CEB4B2C0024C2A9 /* JoinIn.xib in Resources */,
				D9524DF81CF198D4000A15E2 /* TopTableViewCell.xib in Resources */,
				44E9E2AF1CF8F2E0005439C1 /* QFXVideoDetailsViewController.xib in Resources */,
				44B92F2A1CF89DA800869201 /* HomeHeaderView.xib in Resources */,
				D90B2FF41CDC772800B762CF /* SearchViewController.xib in Resources */,
				D93A42D61CE34D7E000B359B /* FindCubeCollectionViewCell.xib in Resources */,
				D9871BB61CE5FFA200953D54 /* ShareButton.xib in Resources */,
			);
			runOnlyForDeploymentPostprocessing = 0;
		};
/* End PBXResourcesBuildPhase section */

/* Begin PBXShellScriptBuildPhase section */
		2931A48CC985D55F85F4B97E /* Embed Pods Frameworks */ = {
			isa = PBXShellScriptBuildPhase;
			buildActionMask = 2147483647;
			files = (
			);
			inputPaths = (
			);
			name = "Embed Pods Frameworks";
			outputPaths = (
			);
			runOnlyForDeploymentPostprocessing = 0;
			shellPath = /bin/sh;
			shellScript = "\"${SRCROOT}/Pods/Target Support Files/Pods/Pods-frameworks.sh\"\n";
			showEnvVarsInLog = 0;
		};
		34C4259DC1B5D2B54B6A35EA /* Check Pods Manifest.lock */ = {
			isa = PBXShellScriptBuildPhase;
			buildActionMask = 2147483647;
			files = (
			);
			inputPaths = (
			);
			name = "Check Pods Manifest.lock";
			outputPaths = (
			);
			runOnlyForDeploymentPostprocessing = 0;
			shellPath = /bin/sh;
			shellScript = "diff \"${PODS_ROOT}/../Podfile.lock\" \"${PODS_ROOT}/Manifest.lock\" > /dev/null\nif [[ $? != 0 ]] ; then\n    cat << EOM\nerror: The sandbox is not in sync with the Podfile.lock. Run 'pod install' or update your CocoaPods installation.\nEOM\n    exit 1\nfi\n";
			showEnvVarsInLog = 0;
		};
		5A89EBE003BBDDBF3042E161 /* Copy Pods Resources */ = {
			isa = PBXShellScriptBuildPhase;
			buildActionMask = 2147483647;
			files = (
			);
			inputPaths = (
			);
			name = "Copy Pods Resources";
			outputPaths = (
			);
			runOnlyForDeploymentPostprocessing = 0;
			shellPath = /bin/sh;
			shellScript = "\"${SRCROOT}/Pods/Target Support Files/Pods/Pods-resources.sh\"\n";
			showEnvVarsInLog = 0;
		};
/* End PBXShellScriptBuildPhase section */

/* Begin PBXSourcesBuildPhase section */
		D90B2F871CDB4E2C00B762CF /* Sources */ = {
			isa = PBXSourcesBuildPhase;
			buildActionMask = 2147483647;
			files = (
				44B92F121CF89D4200869201 /* QFXVideoViewController.m in Sources */,
				D9A553581CF095C200BE44A5 /* LCViewPagerImageView.m in Sources */,
				44E9E29E1CF8C1C7005439C1 /* QFXHomeThumbModel.m in Sources */,
				D9424BCB1CE72E2C00DC3B76 /* TopicsFooterCollectionReusableView.m in Sources */,
				44E9E29B1CF8C12D005439C1 /* QFXHomeGroupModel.m in Sources */,
				44B92F0E1CF89D1600869201 /* QFXVideoDataModel.m in Sources */,
				44B92F0D1CF89D1600869201 /* QFXVideoThumbModel.m in Sources */,
				D9424BF31CE814A700DC3B76 /* ContentsStateTableViewCell.m in Sources */,
				44E9E2A41CF8C357005439C1 /* QFXHomeUserModel.m in Sources */,
				D9424BFD1CE814E300DC3B76 /* CreaterContentTableViewCell.m in Sources */,
				448756051CEB48EF000BE61D /* QFXStatusCacheTool.m in Sources */,
				44B92F0B1CF89D1600869201 /* QFXVideoGroupModel.m in Sources */,
				447215C41CF05FA20003D460 /* MineHeaderView.m in Sources */,
				D90B2F961CDB4E2C00B762CF /* ViewController.m in Sources */,
				D90B2FF31CDC772800B762CF /* SearchViewController.m in Sources */,
				D90B2FCD1CDC463300B762CF /* QFXTabBar.m in Sources */,
				D9871BB41CE5FF8400953D54 /* ShareButton.m in Sources */,
				D90B2FC71CDC430200B762CF /* UINavigationController+Pop.m in Sources */,
				D9CFE3AA1CF8475C0043FB35 /* DirectoryModel.m in Sources */,
				44E9E2A71CF8C3CA005439C1 /* QFXHomeCategoryModel.m in Sources */,
				44E9E2951CF8BDD7005439C1 /* QFXHomeDataModel.m in Sources */,
				D9B63B2B1CECA14D00C5F3A1 /* DirectoryListViewController.m in Sources */,
				D9424BF81CE814CF00DC3B76 /* GroupContentTableViewCell.m in Sources */,
				44B92F291CF89DA800869201 /* HomeHeaderView.m in Sources */,
				D9424C011CE815ED00DC3B76 /* CreaterContentHeader.m in Sources */,
				D9A553471CEFF67100BE44A5 /* CubeModel.m in Sources */,
				D9A553501CF0901000BE44A5 /* HeaderCollectionReusableView.m in Sources */,
				D9A553411CEFF01800BE44A5 /* SecondGroupinfo.m in Sources */,
				447215C31CF05FA20003D460 /* SettingMessage.m in Sources */,
				44E9E2AE1CF8F2E0005439C1 /* QFXVideoDetailsViewController.m in Sources */,
				D9871BAF1CE3608500953D54 /* FindCreatorListTableViewCell.m in Sources */,
				D90B2FB01CDB4FAC00B762CF /* QFXCustomViewController.m in Sources */,
				D9A553591CF095C200BE44A5 /* LCViewPagerView.m in Sources */,
				D90B2FBB1CDB51E400B762CF /* UIBarButtonItem+InitType.m in Sources */,
				D9356B431CF15E9F0001D79C /* BannerModel.m in Sources */,
				44B92F2B1CF89DA800869201 /* HomeThemeButton.m in Sources */,
				44E9E2AA1CF8CCEA005439C1 /* QFXHomeTeaModel.m in Sources */,
				D9BCC9221CE20A080094CECB /* UIColor+HexColor.m in Sources */,
				D90B2FE81CDC76FF00B762CF /* DynamicViewController.m in Sources */,
				D9730B5E1CF339F800C8978E /* QFXTools.m in Sources */,
				D9871BBB1CE6137600953D54 /* CubeDetailViewController.m in Sources */,
				D90B2F931CDB4E2C00B762CF /* AppDelegate.m in Sources */,
				D9CFE3A61CF843740043FB35 /* MyTableView.m in Sources */,
				44E9E2981CF8BEFA005439C1 /* QFXEntity_List.m in Sources */,
				D9424BD01CE8060900DC3B76 /* ShareButtonViewController.m in Sources */,
				447215C61CF05FA20003D460 /* QFXMineTableViewCell.m in Sources */,
				D90B2FC01CDC405100B762CF /* UIStoryboard+NavPopToVC.m in Sources */,
				D9610C881CEDF3CA00917597 /* HTTPRequest.m in Sources */,
				D90B2FE31CDC76E400B762CF /* MineViewController.m in Sources */,
				D9524E011CF1A561000A15E2 /* TypeTwoCollectionReusableView.m in Sources */,
				D9B63B301CECABCB00C5F3A1 /* CreatorModel.m in Sources */,
				44B92EFE1CF89CF300869201 /* QFXVideoTableViewCell.m in Sources */,
				44B92F2C1CF89DA800869201 /* QFXHomeTableViewCell.m in Sources */,
				44B92F311CF89DFC00869201 /* HomeViewController.m in Sources */,
				D93A42DB1CE35248000B359B /* FooterCollectionReusableView.m in Sources */,
				D9CFE3A21CF728EE0043FB35 /* MySegement.m in Sources */,
				D90B2F901CDB4E2C00B762CF /* main.m in Sources */,
				D9B63B271CECA12D00C5F3A1 /* CreatorListViewController.m in Sources */,
				D90B2FCA1CDC461900B762CF /* QFXTabBarController.m in Sources */,
				D9CFBED21CE21F4B00DD775B /* QFXNavgationController.m in Sources */,
				44B92F0C1CF89D1600869201 /* QFXVideoMeowsModel.m in Sources */,
				D9CCA3011CEB4B0D0024C2A9 /* JoinIn.m in Sources */,
				D9524E081CF1AE5A000A15E2 /* CubeDetailModel.m in Sources */,
				D9B63B171CEC8B1D00C5F3A1 /* DirectoryListCell.m in Sources */,
				D9424C071CE8161300DC3B76 /* GroupHeader.m in Sources */,
				44E9E2A11CF8C289005439C1 /* QFXHomeMeowModel.m in Sources */,
				44B92F0A1CF89D1600869201 /* QFXVideoCategory.m in Sources */,
				D9524DF71CF198D4000A15E2 /* TopTableViewCell.m in Sources */,
				D90B2FFA1CDC7AA200B762CF /* FindViewController.m in Sources */,
				D93A42D51CE34D7E000B359B /* FindCubeCollectionViewCell.m in Sources */,
				D9A5533B1CEF35AB00BE44A5 /* ActivityModel.m in Sources */,
				D9A5534B1CEFFC5600BE44A5 /* SpecialModel.m in Sources */,
			);
			runOnlyForDeploymentPostprocessing = 0;
		};
/* End PBXSourcesBuildPhase section */

/* Begin PBXVariantGroup section */
		D90B2F971CDB4E2C00B762CF /* Main.storyboard */ = {
			isa = PBXVariantGroup;
			children = (
				D90B2F981CDB4E2C00B762CF /* Base */,
			);
			name = Main.storyboard;
			sourceTree = "<group>";
		};
		D90B2F9C1CDB4E2C00B762CF /* LaunchScreen.storyboard */ = {
			isa = PBXVariantGroup;
			children = (
				D90B2F9D1CDB4E2C00B762CF /* Base */,
			);
			name = LaunchScreen.storyboard;
			sourceTree = "<group>";
		};
/* End PBXVariantGroup section */

/* Begin XCBuildConfiguration section */
		D90B2FA01CDB4E2C00B762CF /* Debug */ = {
			isa = XCBuildConfiguration;
			buildSettings = {
				ALWAYS_SEARCH_USER_PATHS = NO;
				CLANG_ANALYZER_NONNULL = YES;
				CLANG_CXX_LANGUAGE_STANDARD = "gnu++0x";
				CLANG_CXX_LIBRARY = "libc++";
				CLANG_ENABLE_MODULES = YES;
				CLANG_ENABLE_OBJC_ARC = YES;
				CLANG_WARN_BOOL_CONVERSION = YES;
				CLANG_WARN_CONSTANT_CONVERSION = YES;
				CLANG_WARN_DIRECT_OBJC_ISA_USAGE = YES_ERROR;
				CLANG_WARN_EMPTY_BODY = YES;
				CLANG_WARN_ENUM_CONVERSION = YES;
				CLANG_WARN_INT_CONVERSION = YES;
				CLANG_WARN_OBJC_ROOT_CLASS = YES_ERROR;
				CLANG_WARN_UNREACHABLE_CODE = YES;
				CLANG_WARN__DUPLICATE_METHOD_MATCH = YES;
				"CODE_SIGN_IDENTITY[sdk=iphoneos*]" = "iPhone Developer";
				COPY_PHASE_STRIP = NO;
				DEBUG_INFORMATION_FORMAT = dwarf;
				ENABLE_STRICT_OBJC_MSGSEND = YES;
				ENABLE_TESTABILITY = YES;
				GCC_C_LANGUAGE_STANDARD = gnu99;
				GCC_DYNAMIC_NO_PIC = NO;
				GCC_NO_COMMON_BLOCKS = YES;
				GCC_OPTIMIZATION_LEVEL = 0;
				GCC_PREPROCESSOR_DEFINITIONS = (
					"DEBUG=1",
					"$(inherited)",
				);
				GCC_WARN_64_TO_32_BIT_CONVERSION = YES;
				GCC_WARN_ABOUT_RETURN_TYPE = YES_ERROR;
				GCC_WARN_UNDECLARED_SELECTOR = YES;
				GCC_WARN_UNINITIALIZED_AUTOS = YES_AGGRESSIVE;
				GCC_WARN_UNUSED_FUNCTION = YES;
				GCC_WARN_UNUSED_VARIABLE = YES;
				IPHONEOS_DEPLOYMENT_TARGET = 9.3;
				MTL_ENABLE_DEBUG_INFO = YES;
				ONLY_ACTIVE_ARCH = YES;
				SDKROOT = iphoneos;
				TARGETED_DEVICE_FAMILY = "1,2";
			};
			name = Debug;
		};
		D90B2FA11CDB4E2C00B762CF /* Release */ = {
			isa = XCBuildConfiguration;
			buildSettings = {
				ALWAYS_SEARCH_USER_PATHS = NO;
				CLANG_ANALYZER_NONNULL = YES;
				CLANG_CXX_LANGUAGE_STANDARD = "gnu++0x";
				CLANG_CXX_LIBRARY = "libc++";
				CLANG_ENABLE_MODULES = YES;
				CLANG_ENABLE_OBJC_ARC = YES;
				CLANG_WARN_BOOL_CONVERSION = YES;
				CLANG_WARN_CONSTANT_CONVERSION = YES;
				CLANG_WARN_DIRECT_OBJC_ISA_USAGE = YES_ERROR;
				CLANG_WARN_EMPTY_BODY = YES;
				CLANG_WARN_ENUM_CONVERSION = YES;
				CLANG_WARN_INT_CONVERSION = YES;
				CLANG_WARN_OBJC_ROOT_CLASS = YES_ERROR;
				CLANG_WARN_UNREACHABLE_CODE = YES;
				CLANG_WARN__DUPLICATE_METHOD_MATCH = YES;
				"CODE_SIGN_IDENTITY[sdk=iphoneos*]" = "iPhone Developer";
				COPY_PHASE_STRIP = NO;
				DEBUG_INFORMATION_FORMAT = "dwarf-with-dsym";
				ENABLE_NS_ASSERTIONS = NO;
				ENABLE_STRICT_OBJC_MSGSEND = YES;
				GCC_C_LANGUAGE_STANDARD = gnu99;
				GCC_NO_COMMON_BLOCKS = YES;
				GCC_WARN_64_TO_32_BIT_CONVERSION = YES;
				GCC_WARN_ABOUT_RETURN_TYPE = YES_ERROR;
				GCC_WARN_UNDECLARED_SELECTOR = YES;
				GCC_WARN_UNINITIALIZED_AUTOS = YES_AGGRESSIVE;
				GCC_WARN_UNUSED_FUNCTION = YES;
				GCC_WARN_UNUSED_VARIABLE = YES;
				IPHONEOS_DEPLOYMENT_TARGET = 9.3;
				MTL_ENABLE_DEBUG_INFO = NO;
				SDKROOT = iphoneos;
				TARGETED_DEVICE_FAMILY = "1,2";
				VALIDATE_PRODUCT = YES;
			};
			name = Release;
		};
		D90B2FA31CDB4E2C00B762CF /* Debug */ = {
			isa = XCBuildConfiguration;
			baseConfigurationReference = 9F8B2F5898E6E255BB1C5CAA /* Pods.debug.xcconfig */;
			buildSettings = {
				ASSETCATALOG_COMPILER_APPICON_NAME = AppIcon;
				CODE_SIGN_IDENTITY = "iPhone Developer";
				"CODE_SIGN_IDENTITY[sdk=iphoneos*]" = "iPhone Developer";
				INFOPLIST_FILE = QuFaXian/Info.plist;
				IPHONEOS_DEPLOYMENT_TARGET = 8.0;
				LD_RUNPATH_SEARCH_PATHS = "$(inherited) @executable_path/Frameworks";
				PRODUCT_BUNDLE_IDENTIFIER = Sugar.mario.QuFaXian;
				PRODUCT_NAME = "$(TARGET_NAME)";
				PROVISIONING_PROFILE = "";
			};
			name = Debug;
		};
		D90B2FA41CDB4E2C00B762CF /* Release */ = {
			isa = XCBuildConfiguration;
			baseConfigurationReference = 25330BC64C74FC8276B42F12 /* Pods.release.xcconfig */;
			buildSettings = {
				ASSETCATALOG_COMPILER_APPICON_NAME = AppIcon;
				CODE_SIGN_IDENTITY = "iPhone Developer";
				"CODE_SIGN_IDENTITY[sdk=iphoneos*]" = "iPhone Developer";
				INFOPLIST_FILE = QuFaXian/Info.plist;
				IPHONEOS_DEPLOYMENT_TARGET = 8.0;
				LD_RUNPATH_SEARCH_PATHS = "$(inherited) @executable_path/Frameworks";
				PRODUCT_BUNDLE_IDENTIFIER = Sugar.mario.QuFaXian;
				PRODUCT_NAME = "$(TARGET_NAME)";
				PROVISIONING_PROFILE = "";
			};
			name = Release;
		};
/* End XCBuildConfiguration section */

/* Begin XCConfigurationList section */
		D90B2F861CDB4E2C00B762CF /* Build configuration list for PBXProject "QuFaXian" */ = {
			isa = XCConfigurationList;
			buildConfigurations = (
				D90B2FA01CDB4E2C00B762CF /* Debug */,
				D90B2FA11CDB4E2C00B762CF /* Release */,
			);
			defaultConfigurationIsVisible = 0;
			defaultConfigurationName = Release;
		};
		D90B2FA21CDB4E2C00B762CF /* Build configuration list for PBXNativeTarget "QuFaXian" */ = {
			isa = XCConfigurationList;
			buildConfigurations = (
				D90B2FA31CDB4E2C00B762CF /* Debug */,
				D90B2FA41CDB4E2C00B762CF /* Release */,
			);
			defaultConfigurationIsVisible = 0;
			defaultConfigurationName = Release;
		};
/* End XCConfigurationList section */
	};
	rootObject = D90B2F831CDB4E2C00B762CF /* Project object */;
}
